// !$*UTF8*$!
{
	archiveVersion = 1;
	classes = {
	};
	objectVersion = 56;
	objects = {

/* Begin PBXBuildFile section */
		2059A15D4325ED8D3D29FCE6 /* Pods_Property_Management_Property_ManagementUITests.framework in Frameworks */ = {isa = PBXBuildFile; fileRef = 167838D5BFE2A18DB108A80F /* Pods_Property_Management_Property_ManagementUITests.framework */; };
		2C3984CFB1CAF7C0BC421BB9 /* Pods_Property_ManagementTests.framework in Frameworks */ = {isa = PBXBuildFile; fileRef = 73D0707DC6D5018C44F351E2 /* Pods_Property_ManagementTests.framework */; };
		6D01B0492C2C9FFE007C336C /* ImageCompressor.swift in Sources */ = {isa = PBXBuildFile; fileRef = 6D01B0482C2C9FFE007C336C /* ImageCompressor.swift */; };
		6D01B04B2C2CB3FD007C336C /* CameraViewController.swift in Sources */ = {isa = PBXBuildFile; fileRef = 6D01B04A2C2CB3FD007C336C /* CameraViewController.swift */; };
		6D05E4A12B5324AB001DF6D2 /* SessionVC.swift in Sources */ = {isa = PBXBuildFile; fileRef = 6D05E4A02B5324AB001DF6D2 /* SessionVC.swift */; };
		6D05E4A32B534F38001DF6D2 /* Stopwatch.swift in Sources */ = {isa = PBXBuildFile; fileRef = 6D05E4A22B534F38001DF6D2 /* Stopwatch.swift */; };
		6D1687542C62C9A000FC083E /* ImagePreviewVC.swift in Sources */ = {isa = PBXBuildFile; fileRef = 6D1687532C62C9A000FC083E /* ImagePreviewVC.swift */; };
		6D1687562C62E8EC00FC083E /* VideoPreviewVC.swift in Sources */ = {isa = PBXBuildFile; fileRef = 6D1687552C62E8EC00FC083E /* VideoPreviewVC.swift */; };
		6D1B7CBC2B46C81700A9EC96 /* API_KEYS.swift in Sources */ = {isa = PBXBuildFile; fileRef = 6D1B7CBB2B46C81700A9EC96 /* API_KEYS.swift */; };
		6D1B7CBE2B47644400A9EC96 /* Drive.swift in Sources */ = {isa = PBXBuildFile; fileRef = 6D1B7CBD2B47644400A9EC96 /* Drive.swift */; };
		6D227E042B954DC9008C4289 /* ProfileVC.swift in Sources */ = {isa = PBXBuildFile; fileRef = 6D227E032B954DC9008C4289 /* ProfileVC.swift */; };
		6D3CB0262CBD8F4D00B15F70 /* MergedCell.swift in Sources */ = {isa = PBXBuildFile; fileRef = 6D3CB0252CBD8F4D00B15F70 /* MergedCell.swift */; };
		6D3CB0282CBD991A00B15F70 /* MergedActivity.swift in Sources */ = {isa = PBXBuildFile; fileRef = 6D3CB0272CBD991500B15F70 /* MergedActivity.swift */; };
		6D3CB02A2CBDC1D600B15F70 /* PendingDriveQueue.swift in Sources */ = {isa = PBXBuildFile; fileRef = 6D3CB0292CBDC1D600B15F70 /* PendingDriveQueue.swift */; };
		6D5C38062CADD4F10068FDD2 /* PhotoSettingsVC.swift in Sources */ = {isa = PBXBuildFile; fileRef = 6D5C38052CADD4F10068FDD2 /* PhotoSettingsVC.swift */; };
		6D5C80B92C29F3DE00A02C3F /* AddressComplete.swift in Sources */ = {isa = PBXBuildFile; fileRef = 6D5C80B82C29F3DE00A02C3F /* AddressComplete.swift */; };
		6D5C80BC2C2A22BB00A02C3F /* PhotoUploadVC.swift in Sources */ = {isa = PBXBuildFile; fileRef = 6D5C80BB2C2A22BB00A02C3F /* PhotoUploadVC.swift */; };
		6D6034342BA8193300E799B0 /* NoActivityCell.swift in Sources */ = {isa = PBXBuildFile; fileRef = 6D6034332BA8193300E799B0 /* NoActivityCell.swift */; };
		6D626C6F2BB5EF4B00031DE1 /* SettingsVC.swift in Sources */ = {isa = PBXBuildFile; fileRef = 6D626C6E2BB5EF4B00031DE1 /* SettingsVC.swift */; };
		6D626C712BB663C300031DE1 /* SettingCell.swift in Sources */ = {isa = PBXBuildFile; fileRef = 6D626C702BB663C300031DE1 /* SettingCell.swift */; };
		6D626C732BB6903A00031DE1 /* NotificationManager.swift in Sources */ = {isa = PBXBuildFile; fileRef = 6D626C722BB6903A00031DE1 /* NotificationManager.swift */; };
		6D626C752BB7B92500031DE1 /* UserSettings.swift in Sources */ = {isa = PBXBuildFile; fileRef = 6D626C742BB7B92500031DE1 /* UserSettings.swift */; };
		6D626C772BB7B9E500031DE1 /* NotificationsVC.swift in Sources */ = {isa = PBXBuildFile; fileRef = 6D626C762BB7B9E500031DE1 /* NotificationsVC.swift */; };
		6D626C7A2BB7BD6B00031DE1 /* Settings.storyboard in Resources */ = {isa = PBXBuildFile; fileRef = 6D626C792BB7BD6B00031DE1 /* Settings.storyboard */; };
		6D66685A2BBA20B9007A7D90 /* LoggedActivitiesVC.swift in Sources */ = {isa = PBXBuildFile; fileRef = 6D6668592BBA20B9007A7D90 /* LoggedActivitiesVC.swift */; };
		6D66685C2BBFD99A007A7D90 /* AddressLookupVC.swift in Sources */ = {isa = PBXBuildFile; fileRef = 6D66685B2BBFD99A007A7D90 /* AddressLookupVC.swift */; };
		6D66685E2BBFDAE4007A7D90 /* AddressLookupCell.swift in Sources */ = {isa = PBXBuildFile; fileRef = 6D66685D2BBFDAE4007A7D90 /* AddressLookupCell.swift */; };
		6D6979772B85C66300E93E28 /* FirebaseStorage.swift in Sources */ = {isa = PBXBuildFile; fileRef = 6D6979762B85C66300E93E28 /* FirebaseStorage.swift */; };
		6D6B26862B4FE43500809D6D /* RecentLocation.swift in Sources */ = {isa = PBXBuildFile; fileRef = 6D6B26852B4FE43500809D6D /* RecentLocation.swift */; };
		6D6B26882B4FE47100809D6D /* RecentLocationQueue.swift in Sources */ = {isa = PBXBuildFile; fileRef = 6D6B26872B4FE47100809D6D /* RecentLocationQueue.swift */; };
		6D78CD2B2C0D6B4400732BD8 /* SavedLocations.swift in Sources */ = {isa = PBXBuildFile; fileRef = 6D78CD2A2C0D6B4400732BD8 /* SavedLocations.swift */; };
		6D8191C62AF1DD3F0001E211 /* HideKeyboard.swift in Sources */ = {isa = PBXBuildFile; fileRef = 6D8191C52AF1DD3F0001E211 /* HideKeyboard.swift */; };
		6D8191C92AF1EFF50001E211 /* GoogleSheetAssistant.swift in Sources */ = {isa = PBXBuildFile; fileRef = 6D8191C82AF1EFF50001E211 /* GoogleSheetAssistant.swift */; };
		6D8191CE2AFB34940001E211 /* Constants.swift in Sources */ = {isa = PBXBuildFile; fileRef = 6D8191CD2AFB34940001E211 /* Constants.swift */; };
		6D8EDE412AF1D2E0000483D3 /* GoogleService-Info.plist in Resources */ = {isa = PBXBuildFile; fileRef = 6D8EDE402AF1D2DF000483D3 /* GoogleService-Info.plist */; };
		6D9E667A2AF1CD1B002E9664 /* AppDelegate.swift in Sources */ = {isa = PBXBuildFile; fileRef = 6D9E66792AF1CD1B002E9664 /* AppDelegate.swift */; };
		6D9E667C2AF1CD1B002E9664 /* SceneDelegate.swift in Sources */ = {isa = PBXBuildFile; fileRef = 6D9E667B2AF1CD1B002E9664 /* SceneDelegate.swift */; };
		6D9E667E2AF1CD1B002E9664 /* HomeVC.swift in Sources */ = {isa = PBXBuildFile; fileRef = 6D9E667D2AF1CD1B002E9664 /* HomeVC.swift */; };
		6D9E66812AF1CD1B002E9664 /* Main.storyboard in Resources */ = {isa = PBXBuildFile; fileRef = 6D9E667F2AF1CD1B002E9664 /* Main.storyboard */; };
		6D9E66832AF1CD1D002E9664 /* Assets.xcassets in Resources */ = {isa = PBXBuildFile; fileRef = 6D9E66822AF1CD1D002E9664 /* Assets.xcassets */; };
		6D9E66862AF1CD1D002E9664 /* LaunchScreen.storyboard in Resources */ = {isa = PBXBuildFile; fileRef = 6D9E66842AF1CD1D002E9664 /* LaunchScreen.storyboard */; };
		6D9E66912AF1CD1D002E9664 /* Property_ManagementTests.swift in Sources */ = {isa = PBXBuildFile; fileRef = 6D9E66902AF1CD1D002E9664 /* Property_ManagementTests.swift */; };
		6D9E669B2AF1CD1D002E9664 /* Property_ManagementUITests.swift in Sources */ = {isa = PBXBuildFile; fileRef = 6D9E669A2AF1CD1D002E9664 /* Property_ManagementUITests.swift */; };
		6D9E669D2AF1CD1D002E9664 /* Property_ManagementUITestsLaunchTests.swift in Sources */ = {isa = PBXBuildFile; fileRef = 6D9E669C2AF1CD1D002E9664 /* Property_ManagementUITestsLaunchTests.swift */; };
		6DAC41BF2B40F83D0092A26F /* User.swift in Sources */ = {isa = PBXBuildFile; fileRef = 6DAC41BE2B40F83D0092A26F /* User.swift */; };
		6DAC41C12B424F9C0092A26F /* Team.swift in Sources */ = {isa = PBXBuildFile; fileRef = 6DAC41C02B424F9C0092A26F /* Team.swift */; };
		6DAC41C32B4541BD0092A26F /* LoginScreens.storyboard in Resources */ = {isa = PBXBuildFile; fileRef = 6DAC41C22B4541BD0092A26F /* LoginScreens.storyboard */; };
		6DAC41D42B4542AF0092A26F /* Alert.swift in Sources */ = {isa = PBXBuildFile; fileRef = 6DAC41C52B4542AF0092A26F /* Alert.swift */; };
		6DAC41D52B4542AF0092A26F /* ExtraColors.swift in Sources */ = {isa = PBXBuildFile; fileRef = 6DAC41C62B4542AF0092A26F /* ExtraColors.swift */; };
		6DAC41D62B4542AF0092A26F /* DesignableUITextField.swift in Sources */ = {isa = PBXBuildFile; fileRef = 6DAC41C72B4542AF0092A26F /* DesignableUITextField.swift */; };
		6DAC41D72B4542AF0092A26F /* ColoredLabels.swift in Sources */ = {isa = PBXBuildFile; fileRef = 6DAC41C82B4542AF0092A26F /* ColoredLabels.swift */; };
		6DAC41DB2B4542B00092A26F /* PaddingTextField.swift in Sources */ = {isa = PBXBuildFile; fileRef = 6DAC41CD2B4542AF0092A26F /* PaddingTextField.swift */; };
		6DAC41DC2B4542B00092A26F /* Notification.swift in Sources */ = {isa = PBXBuildFile; fileRef = 6DAC41CE2B4542AF0092A26F /* Notification.swift */; };
		6DAC41DE2B4542B00092A26F /* TitleLabel.swift in Sources */ = {isa = PBXBuildFile; fileRef = 6DAC41D02B4542AF0092A26F /* TitleLabel.swift */; };
		6DAC41DF2B4542B00092A26F /* RoundedButton.swift in Sources */ = {isa = PBXBuildFile; fileRef = 6DAC41D12B4542AF0092A26F /* RoundedButton.swift */; };
		6DAC41E12B4542B00092A26F /* ViewShadow.swift in Sources */ = {isa = PBXBuildFile; fileRef = 6DAC41D32B4542AF0092A26F /* ViewShadow.swift */; };
		6DAC41E52B4544EC0092A26F /* LoginVC.swift in Sources */ = {isa = PBXBuildFile; fileRef = 6DAC41E42B4544EC0092A26F /* LoginVC.swift */; };
		6DAC41E82B4548020092A26F /* CheckMark.json in Resources */ = {isa = PBXBuildFile; fileRef = 6DAC41E62B4548010092A26F /* CheckMark.json */; };
		6DAC41E92B4548020092A26F /* CrossX.json in Resources */ = {isa = PBXBuildFile; fileRef = 6DAC41E72B4548020092A26F /* CrossX.json */; };
		6DAC41ED2B4664110092A26F /* WorkCell.swift in Sources */ = {isa = PBXBuildFile; fileRef = 6DAC41EC2B4664110092A26F /* WorkCell.swift */; };
		6DAC41EF2B46663E0092A26F /* Date.swift in Sources */ = {isa = PBXBuildFile; fileRef = 6DAC41EE2B46663E0092A26F /* Date.swift */; };
		6DAC42192B468FCF0092A26F /* Montserrat-Light.ttf in Resources */ = {isa = PBXBuildFile; fileRef = 6DAC41F22B468FC80092A26F /* Montserrat-Light.ttf */; };
		6DAC421A2B468FCF0092A26F /* Montserrat-ExtraLight.ttf in Resources */ = {isa = PBXBuildFile; fileRef = 6DAC41F32B468FC80092A26F /* Montserrat-ExtraLight.ttf */; };
		6DAC421B2B468FCF0092A26F /* Montserrat-Bold.ttf in Resources */ = {isa = PBXBuildFile; fileRef = 6DAC41F42B468FC90092A26F /* Montserrat-Bold.ttf */; };
		6DAC421C2B468FCF0092A26F /* Montserrat-Italic.ttf in Resources */ = {isa = PBXBuildFile; fileRef = 6DAC41F52B468FC90092A26F /* Montserrat-Italic.ttf */; };
		6DAC421D2B468FCF0092A26F /* Montserrat-ExtraBold.ttf in Resources */ = {isa = PBXBuildFile; fileRef = 6DAC41F62B468FC90092A26F /* Montserrat-ExtraBold.ttf */; };
		6DAC421E2B468FCF0092A26F /* Montserrat-Black.ttf in Resources */ = {isa = PBXBuildFile; fileRef = 6DAC41F72B468FCA0092A26F /* Montserrat-Black.ttf */; };
		6DAC421F2B468FCF0092A26F /* Montserrat-ExtraLightItalic.ttf in Resources */ = {isa = PBXBuildFile; fileRef = 6DAC41F82B468FCA0092A26F /* Montserrat-ExtraLightItalic.ttf */; };
		6DAC42202B468FCF0092A26F /* Montserrat-Regular.ttf in Resources */ = {isa = PBXBuildFile; fileRef = 6DAC41F92B468FCA0092A26F /* Montserrat-Regular.ttf */; };
		6DAC42212B468FCF0092A26F /* Montserrat-Thin.ttf in Resources */ = {isa = PBXBuildFile; fileRef = 6DAC41FA2B468FCB0092A26F /* Montserrat-Thin.ttf */; };
		6DAC42222B468FCF0092A26F /* Montserrat-BlackItalic.ttf in Resources */ = {isa = PBXBuildFile; fileRef = 6DAC41FB2B468FCB0092A26F /* Montserrat-BlackItalic.ttf */; };
		6DAC42232B468FCF0092A26F /* Montserrat-LightItalic.ttf in Resources */ = {isa = PBXBuildFile; fileRef = 6DAC41FC2B468FCB0092A26F /* Montserrat-LightItalic.ttf */; };
		6DAC42362B468FCF0092A26F /* Montserrat-ThinItalic.ttf in Resources */ = {isa = PBXBuildFile; fileRef = 6DAC42102B468FCC0092A26F /* Montserrat-ThinItalic.ttf */; };
		6DAC42372B468FCF0092A26F /* Montserrat-MediumItalic.ttf in Resources */ = {isa = PBXBuildFile; fileRef = 6DAC42112B468FCC0092A26F /* Montserrat-MediumItalic.ttf */; };
		6DAC42382B468FCF0092A26F /* Montserrat-SemiBoldItalic.ttf in Resources */ = {isa = PBXBuildFile; fileRef = 6DAC42122B468FCD0092A26F /* Montserrat-SemiBoldItalic.ttf */; };
		6DAC42392B468FCF0092A26F /* Montserrat-VariableFont_wght.ttf in Resources */ = {isa = PBXBuildFile; fileRef = 6DAC42132B468FCD0092A26F /* Montserrat-VariableFont_wght.ttf */; };
		6DAC423A2B468FCF0092A26F /* Montserrat-Italic-VariableFont_wght.ttf in Resources */ = {isa = PBXBuildFile; fileRef = 6DAC42142B468FCD0092A26F /* Montserrat-Italic-VariableFont_wght.ttf */; };
		6DAC423B2B468FCF0092A26F /* Montserrat-ExtraBoldItalic.ttf in Resources */ = {isa = PBXBuildFile; fileRef = 6DAC42152B468FCE0092A26F /* Montserrat-ExtraBoldItalic.ttf */; };
		6DAC423C2B468FCF0092A26F /* Montserrat-BoldItalic.ttf in Resources */ = {isa = PBXBuildFile; fileRef = 6DAC42162B468FCE0092A26F /* Montserrat-BoldItalic.ttf */; };
		6DAC423D2B468FCF0092A26F /* Montserrat-Medium.ttf in Resources */ = {isa = PBXBuildFile; fileRef = 6DAC42172B468FCE0092A26F /* Montserrat-Medium.ttf */; };
		6DAC423E2B468FCF0092A26F /* Montserrat-SemiBold.ttf in Resources */ = {isa = PBXBuildFile; fileRef = 6DAC42182B468FCF0092A26F /* Montserrat-SemiBold.ttf */; };
		6DAC42402B46A14C0092A26F /* LoadingScreen.swift in Sources */ = {isa = PBXBuildFile; fileRef = 6DAC423F2B46A14C0092A26F /* LoadingScreen.swift */; };
		6DAD71502C1A4F0000D13759 /* DropboxFolderConnectVC.swift in Sources */ = {isa = PBXBuildFile; fileRef = 6DAD714F2C1A4F0000D13759 /* DropboxFolderConnectVC.swift */; };
		6DAD71532C1A4F8800D13759 /* DropboxFolderConnectCell.swift in Sources */ = {isa = PBXBuildFile; fileRef = 6DAD71522C1A4F8800D13759 /* DropboxFolderConnectCell.swift */; };
		6DAFB7902B9D470A00AEF94F /* ChooseActivityVC.swift in Sources */ = {isa = PBXBuildFile; fileRef = 6DAFB78F2B9D470A00AEF94F /* ChooseActivityVC.swift */; };
		6DB5024E2B48FC1E007FE430 /* DriveMapVC.swift in Sources */ = {isa = PBXBuildFile; fileRef = 6DB5024D2B48FC1E007FE430 /* DriveMapVC.swift */; };
		6DB502502B48FF27007FE430 /* MapView.swift in Sources */ = {isa = PBXBuildFile; fileRef = 6DB5024F2B48FF27007FE430 /* MapView.swift */; };
		6DB502522B490240007FE430 /* SendComplete.json in Resources */ = {isa = PBXBuildFile; fileRef = 6DB502512B490240007FE430 /* SendComplete.json */; };
		6DB502542B49094F007FE430 /* TrashComplete.json in Resources */ = {isa = PBXBuildFile; fileRef = 6DB502532B49094E007FE430 /* TrashComplete.json */; };
		6DB84C6D2B9D525B00B21222 /* AddNewDriveVC.swift in Sources */ = {isa = PBXBuildFile; fileRef = 6DB84C6C2B9D525B00B21222 /* AddNewDriveVC.swift */; };
		6DB84C6F2B9D52B500B21222 /* AddNewWorkVC.swift in Sources */ = {isa = PBXBuildFile; fileRef = 6DB84C6E2B9D52B500B21222 /* AddNewWorkVC.swift */; };
		6DB84C722B9E5B5100B21222 /* String.swift in Sources */ = {isa = PBXBuildFile; fileRef = 6DB84C712B9E5B5100B21222 /* String.swift */; };
		6DB84C742BA23C1C00B21222 /* NewTeamVC.swift in Sources */ = {isa = PBXBuildFile; fileRef = 6DB84C732BA23C1C00B21222 /* NewTeamVC.swift */; };
		6DB84C762BA3BE6D00B21222 /* CreateTeamVC.swift in Sources */ = {isa = PBXBuildFile; fileRef = 6DB84C752BA3BE6D00B21222 /* CreateTeamVC.swift */; };
		6DBAF51A2B3BC72A004D23EE /* NotificationNames.swift in Sources */ = {isa = PBXBuildFile; fileRef = 6DBAF5192B3BC72A004D23EE /* NotificationNames.swift */; };
		6DBAF51D2B40D002004D23EE /* Visit.swift in Sources */ = {isa = PBXBuildFile; fileRef = 6DBAF51C2B40D002004D23EE /* Visit.swift */; };
		6DBAF5202B40DD6D004D23EE /* VisitQueue.swift in Sources */ = {isa = PBXBuildFile; fileRef = 6DBAF51F2B40DD6D004D23EE /* VisitQueue.swift */; };
		6DBAF5222B40DE19004D23EE /* UserDefaults.swift in Sources */ = {isa = PBXBuildFile; fileRef = 6DBAF5212B40DE19004D23EE /* UserDefaults.swift */; };
		6DBAF5252B40E829004D23EE /* FirestoreDatabase.swift in Sources */ = {isa = PBXBuildFile; fileRef = 6DBAF5242B40E829004D23EE /* FirestoreDatabase.swift */; };
		6DC9DFF82B8C3A510091A376 /* Activity.swift in Sources */ = {isa = PBXBuildFile; fileRef = 6DC9DFF72B8C3A510091A376 /* Activity.swift */; };
		6DC9DFFA2B8C3B330091A376 /* Work.swift in Sources */ = {isa = PBXBuildFile; fileRef = 6DC9DFF92B8C3B330091A376 /* Work.swift */; };
		6DC9DFFC2B8C3BB50091A376 /* RegisteredActivity.swift in Sources */ = {isa = PBXBuildFile; fileRef = 6DC9DFFB2B8C3BB50091A376 /* RegisteredActivity.swift */; };
		6DC9DFFE2B8C3D430091A376 /* RegisteredWork.swift in Sources */ = {isa = PBXBuildFile; fileRef = 6DC9DFFD2B8C3D430091A376 /* RegisteredWork.swift */; };
		6DC9E0002B8C58520091A376 /* ActivityArray.swift in Sources */ = {isa = PBXBuildFile; fileRef = 6DC9DFFF2B8C58520091A376 /* ActivityArray.swift */; };
		6DC9E0022B8FDAE00091A376 /* DriveCell.swift in Sources */ = {isa = PBXBuildFile; fileRef = 6DC9E0012B8FDAE00091A376 /* DriveCell.swift */; };
		6DDBF1882AFF29990013A77B /* Toast.swift in Sources */ = {isa = PBXBuildFile; fileRef = 6DDBF1872AFF29990013A77B /* Toast.swift */; };
		6DDBF1AE2AFF2C080013A77B /* LoginSuccess.json in Resources */ = {isa = PBXBuildFile; fileRef = 6DDBF1AD2AFF2C080013A77B /* LoginSuccess.json */; };
		6DDBF2122B081D430013A77B /* LocationManager.swift in Sources */ = {isa = PBXBuildFile; fileRef = 6DDBF2112B081D430013A77B /* LocationManager.swift */; };
		6DDBF2152B08226E0013A77B /* Dictionary.swift in Sources */ = {isa = PBXBuildFile; fileRef = 6DDBF2142B08226E0013A77B /* Dictionary.swift */; };
		6DDC54772C165F23005FDAE1 /* AddPropertyImagesVC.swift in Sources */ = {isa = PBXBuildFile; fileRef = 6DDC54762C165F23005FDAE1 /* AddPropertyImagesVC.swift */; };
		6DDC547A2C1661F3005FDAE1 /* ImagePreviewCell.swift in Sources */ = {isa = PBXBuildFile; fileRef = 6DDC54792C1661F3005FDAE1 /* ImagePreviewCell.swift */; };
		6DDC547C2C166231005FDAE1 /* AddNewImageCell.swift in Sources */ = {isa = PBXBuildFile; fileRef = 6DDC547B2C166231005FDAE1 /* AddNewImageCell.swift */; };
		6DDC547E2C1666A6005FDAE1 /* AlignedCollectionViewFlowLayout.swift in Sources */ = {isa = PBXBuildFile; fileRef = 6DDC547D2C1666A6005FDAE1 /* AlignedCollectionViewFlowLayout.swift */; };
		6DDC54802C192480005FDAE1 /* DriveSettingsVC.swift in Sources */ = {isa = PBXBuildFile; fileRef = 6DDC547F2C192480005FDAE1 /* DriveSettingsVC.swift */; };
		6DDC54832C1A24E6005FDAE1 /* DropboxAssistant.swift in Sources */ = {isa = PBXBuildFile; fileRef = 6DDC54822C1A24E6005FDAE1 /* DropboxAssistant.swift */; };
		6DDC54852C1A2560005FDAE1 /* UserDropbox.swift in Sources */ = {isa = PBXBuildFile; fileRef = 6DDC54842C1A2560005FDAE1 /* UserDropbox.swift */; };
		6DDC54872C1A2841005FDAE1 /* DropboxConnectVC.swift in Sources */ = {isa = PBXBuildFile; fileRef = 6DDC54862C1A2841005FDAE1 /* DropboxConnectVC.swift */; };
		6DF90E332B48CB53007A116C /* RegisteredDrive.swift in Sources */ = {isa = PBXBuildFile; fileRef = 6DF90E322B48CB53007A116C /* RegisteredDrive.swift */; };
		6DFB55EE2BAFEFA1006758C9 /* CreateSpreadsheetVC.swift in Sources */ = {isa = PBXBuildFile; fileRef = 6DFB55ED2BAFEFA1006758C9 /* CreateSpreadsheetVC.swift */; };
		6DFB55F12BB0B35C006758C9 /* MemberVC.swift in Sources */ = {isa = PBXBuildFile; fileRef = 6DFB55F02BB0B35C006758C9 /* MemberVC.swift */; };
		6DFB55F32BB0B37F006758C9 /* MemberCell.swift in Sources */ = {isa = PBXBuildFile; fileRef = 6DFB55F22BB0B37F006758C9 /* MemberCell.swift */; };
		A01C904C56CC1D7A0427E64C /* Pods_Property_Management.framework in Frameworks */ = {isa = PBXBuildFile; fileRef = 7AF5E71E2D236475767F5506 /* Pods_Property_Management.framework */; };
/* End PBXBuildFile section */

/* Begin PBXContainerItemProxy section */
		6D9E668D2AF1CD1D002E9664 /* PBXContainerItemProxy */ = {
			isa = PBXContainerItemProxy;
			containerPortal = 6D9E666E2AF1CD1B002E9664 /* Project object */;
			proxyType = 1;
			remoteGlobalIDString = 6D9E66752AF1CD1B002E9664;
			remoteInfo = "Property Management";
		};
		6D9E66972AF1CD1D002E9664 /* PBXContainerItemProxy */ = {
			isa = PBXContainerItemProxy;
			containerPortal = 6D9E666E2AF1CD1B002E9664 /* Project object */;
			proxyType = 1;
			remoteGlobalIDString = 6D9E66752AF1CD1B002E9664;
			remoteInfo = "Property Management";
		};
/* End PBXContainerItemProxy section */

/* Begin PBXFileReference section */
		167838D5BFE2A18DB108A80F /* Pods_Property_Management_Property_ManagementUITests.framework */ = {isa = PBXFileReference; explicitFileType = wrapper.framework; includeInIndex = 0; path = Pods_Property_Management_Property_ManagementUITests.framework; sourceTree = BUILT_PRODUCTS_DIR; };
		261B3A137CED5B969EB5042C /* Pods-Property Management-Property ManagementUITests.debug.xcconfig */ = {isa = PBXFileReference; includeInIndex = 1; lastKnownFileType = text.xcconfig; name = "Pods-Property Management-Property ManagementUITests.debug.xcconfig"; path = "Target Support Files/Pods-Property Management-Property ManagementUITests/Pods-Property Management-Property ManagementUITests.debug.xcconfig"; sourceTree = "<group>"; };
		3C7EC148C450BD7B0AF6AD68 /* Pods-Property Management.release.xcconfig */ = {isa = PBXFileReference; includeInIndex = 1; lastKnownFileType = text.xcconfig; name = "Pods-Property Management.release.xcconfig"; path = "Target Support Files/Pods-Property Management/Pods-Property Management.release.xcconfig"; sourceTree = "<group>"; };
		6D01B0482C2C9FFE007C336C /* ImageCompressor.swift */ = {isa = PBXFileReference; lastKnownFileType = sourcecode.swift; path = ImageCompressor.swift; sourceTree = "<group>"; };
		6D01B04A2C2CB3FD007C336C /* CameraViewController.swift */ = {isa = PBXFileReference; lastKnownFileType = sourcecode.swift; path = CameraViewController.swift; sourceTree = "<group>"; };
		6D05E4A02B5324AB001DF6D2 /* SessionVC.swift */ = {isa = PBXFileReference; lastKnownFileType = sourcecode.swift; path = SessionVC.swift; sourceTree = "<group>"; };
		6D05E4A22B534F38001DF6D2 /* Stopwatch.swift */ = {isa = PBXFileReference; lastKnownFileType = sourcecode.swift; path = Stopwatch.swift; sourceTree = "<group>"; };
		6D1687532C62C9A000FC083E /* ImagePreviewVC.swift */ = {isa = PBXFileReference; lastKnownFileType = sourcecode.swift; path = ImagePreviewVC.swift; sourceTree = "<group>"; };
		6D1687552C62E8EC00FC083E /* VideoPreviewVC.swift */ = {isa = PBXFileReference; lastKnownFileType = sourcecode.swift; path = VideoPreviewVC.swift; sourceTree = "<group>"; };
		6D1B7CBB2B46C81700A9EC96 /* API_KEYS.swift */ = {isa = PBXFileReference; lastKnownFileType = sourcecode.swift; path = API_KEYS.swift; sourceTree = "<group>"; };
		6D1B7CBD2B47644400A9EC96 /* Drive.swift */ = {isa = PBXFileReference; lastKnownFileType = sourcecode.swift; path = Drive.swift; sourceTree = "<group>"; };
		6D227E032B954DC9008C4289 /* ProfileVC.swift */ = {isa = PBXFileReference; lastKnownFileType = sourcecode.swift; path = ProfileVC.swift; sourceTree = "<group>"; };
		6D3CB0252CBD8F4D00B15F70 /* MergedCell.swift */ = {isa = PBXFileReference; lastKnownFileType = sourcecode.swift; path = MergedCell.swift; sourceTree = "<group>"; };
		6D3CB0272CBD991500B15F70 /* MergedActivity.swift */ = {isa = PBXFileReference; lastKnownFileType = sourcecode.swift; path = MergedActivity.swift; sourceTree = "<group>"; };
		6D3CB0292CBDC1D600B15F70 /* PendingDriveQueue.swift */ = {isa = PBXFileReference; lastKnownFileType = sourcecode.swift; path = PendingDriveQueue.swift; sourceTree = "<group>"; };
		6D5C38052CADD4F10068FDD2 /* PhotoSettingsVC.swift */ = {isa = PBXFileReference; lastKnownFileType = sourcecode.swift; path = PhotoSettingsVC.swift; sourceTree = "<group>"; };
		6D5C80B82C29F3DE00A02C3F /* AddressComplete.swift */ = {isa = PBXFileReference; lastKnownFileType = sourcecode.swift; path = AddressComplete.swift; sourceTree = "<group>"; };
		6D5C80BB2C2A22BB00A02C3F /* PhotoUploadVC.swift */ = {isa = PBXFileReference; lastKnownFileType = sourcecode.swift; path = PhotoUploadVC.swift; sourceTree = "<group>"; };
		6D6034332BA8193300E799B0 /* NoActivityCell.swift */ = {isa = PBXFileReference; lastKnownFileType = sourcecode.swift; path = NoActivityCell.swift; sourceTree = "<group>"; };
		6D626C6E2BB5EF4B00031DE1 /* SettingsVC.swift */ = {isa = PBXFileReference; lastKnownFileType = sourcecode.swift; path = SettingsVC.swift; sourceTree = "<group>"; };
		6D626C702BB663C300031DE1 /* SettingCell.swift */ = {isa = PBXFileReference; lastKnownFileType = sourcecode.swift; path = SettingCell.swift; sourceTree = "<group>"; };
		6D626C722BB6903A00031DE1 /* NotificationManager.swift */ = {isa = PBXFileReference; lastKnownFileType = sourcecode.swift; path = NotificationManager.swift; sourceTree = "<group>"; };
		6D626C742BB7B92500031DE1 /* UserSettings.swift */ = {isa = PBXFileReference; lastKnownFileType = sourcecode.swift; path = UserSettings.swift; sourceTree = "<group>"; };
		6D626C762BB7B9E500031DE1 /* NotificationsVC.swift */ = {isa = PBXFileReference; lastKnownFileType = sourcecode.swift; path = NotificationsVC.swift; sourceTree = "<group>"; };
		6D626C792BB7BD6B00031DE1 /* Settings.storyboard */ = {isa = PBXFileReference; fileEncoding = 4; lastKnownFileType = file.storyboard; path = Settings.storyboard; sourceTree = "<group>"; };
		6D626C7B2BB8E79400031DE1 /* Property Management.entitlements */ = {isa = PBXFileReference; lastKnownFileType = text.plist.entitlements; path = "Property Management.entitlements"; sourceTree = "<group>"; };
		6D6668592BBA20B9007A7D90 /* LoggedActivitiesVC.swift */ = {isa = PBXFileReference; lastKnownFileType = sourcecode.swift; path = LoggedActivitiesVC.swift; sourceTree = "<group>"; };
		6D66685B2BBFD99A007A7D90 /* AddressLookupVC.swift */ = {isa = PBXFileReference; lastKnownFileType = sourcecode.swift; path = AddressLookupVC.swift; sourceTree = "<group>"; };
		6D66685D2BBFDAE4007A7D90 /* AddressLookupCell.swift */ = {isa = PBXFileReference; lastKnownFileType = sourcecode.swift; path = AddressLookupCell.swift; sourceTree = "<group>"; };
		6D6979762B85C66300E93E28 /* FirebaseStorage.swift */ = {isa = PBXFileReference; lastKnownFileType = sourcecode.swift; path = FirebaseStorage.swift; sourceTree = "<group>"; };
		6D6B26852B4FE43500809D6D /* RecentLocation.swift */ = {isa = PBXFileReference; lastKnownFileType = sourcecode.swift; path = RecentLocation.swift; sourceTree = "<group>"; };
		6D6B26872B4FE47100809D6D /* RecentLocationQueue.swift */ = {isa = PBXFileReference; lastKnownFileType = sourcecode.swift; path = RecentLocationQueue.swift; sourceTree = "<group>"; };
		6D78CD2A2C0D6B4400732BD8 /* SavedLocations.swift */ = {isa = PBXFileReference; lastKnownFileType = sourcecode.swift; path = SavedLocations.swift; sourceTree = "<group>"; };
		6D8191C52AF1DD3F0001E211 /* HideKeyboard.swift */ = {isa = PBXFileReference; fileEncoding = 4; lastKnownFileType = sourcecode.swift; path = HideKeyboard.swift; sourceTree = "<group>"; };
		6D8191C82AF1EFF50001E211 /* GoogleSheetAssistant.swift */ = {isa = PBXFileReference; lastKnownFileType = sourcecode.swift; path = GoogleSheetAssistant.swift; sourceTree = "<group>"; };
		6D8191CD2AFB34940001E211 /* Constants.swift */ = {isa = PBXFileReference; lastKnownFileType = sourcecode.swift; path = Constants.swift; sourceTree = "<group>"; };
		6D8EDE402AF1D2DF000483D3 /* GoogleService-Info.plist */ = {isa = PBXFileReference; fileEncoding = 4; lastKnownFileType = text.plist.xml; path = "GoogleService-Info.plist"; sourceTree = "<group>"; };
		6D9E66762AF1CD1B002E9664 /* Property Management.app */ = {isa = PBXFileReference; explicitFileType = wrapper.application; includeInIndex = 0; path = "Property Management.app"; sourceTree = BUILT_PRODUCTS_DIR; };
		6D9E66792AF1CD1B002E9664 /* AppDelegate.swift */ = {isa = PBXFileReference; lastKnownFileType = sourcecode.swift; path = AppDelegate.swift; sourceTree = "<group>"; };
		6D9E667B2AF1CD1B002E9664 /* SceneDelegate.swift */ = {isa = PBXFileReference; lastKnownFileType = sourcecode.swift; path = SceneDelegate.swift; sourceTree = "<group>"; };
		6D9E667D2AF1CD1B002E9664 /* HomeVC.swift */ = {isa = PBXFileReference; lastKnownFileType = sourcecode.swift; path = HomeVC.swift; sourceTree = "<group>"; };
		6D9E66802AF1CD1B002E9664 /* Base */ = {isa = PBXFileReference; lastKnownFileType = file.storyboard; name = Base; path = Base.lproj/Main.storyboard; sourceTree = "<group>"; };
		6D9E66822AF1CD1D002E9664 /* Assets.xcassets */ = {isa = PBXFileReference; lastKnownFileType = folder.assetcatalog; path = Assets.xcassets; sourceTree = "<group>"; };
		6D9E66852AF1CD1D002E9664 /* Base */ = {isa = PBXFileReference; lastKnownFileType = file.storyboard; name = Base; path = Base.lproj/LaunchScreen.storyboard; sourceTree = "<group>"; };
		6D9E66872AF1CD1D002E9664 /* Info.plist */ = {isa = PBXFileReference; lastKnownFileType = text.plist.xml; path = Info.plist; sourceTree = "<group>"; };
		6D9E668C2AF1CD1D002E9664 /* Property ManagementTests.xctest */ = {isa = PBXFileReference; explicitFileType = wrapper.cfbundle; includeInIndex = 0; path = "Property ManagementTests.xctest"; sourceTree = BUILT_PRODUCTS_DIR; };
		6D9E66902AF1CD1D002E9664 /* Property_ManagementTests.swift */ = {isa = PBXFileReference; lastKnownFileType = sourcecode.swift; path = Property_ManagementTests.swift; sourceTree = "<group>"; };
		6D9E66962AF1CD1D002E9664 /* Property ManagementUITests.xctest */ = {isa = PBXFileReference; explicitFileType = wrapper.cfbundle; includeInIndex = 0; path = "Property ManagementUITests.xctest"; sourceTree = BUILT_PRODUCTS_DIR; };
		6D9E669A2AF1CD1D002E9664 /* Property_ManagementUITests.swift */ = {isa = PBXFileReference; lastKnownFileType = sourcecode.swift; path = Property_ManagementUITests.swift; sourceTree = "<group>"; };
		6D9E669C2AF1CD1D002E9664 /* Property_ManagementUITestsLaunchTests.swift */ = {isa = PBXFileReference; lastKnownFileType = sourcecode.swift; path = Property_ManagementUITestsLaunchTests.swift; sourceTree = "<group>"; };
		6DAC41BE2B40F83D0092A26F /* User.swift */ = {isa = PBXFileReference; lastKnownFileType = sourcecode.swift; path = User.swift; sourceTree = "<group>"; };
		6DAC41C02B424F9C0092A26F /* Team.swift */ = {isa = PBXFileReference; lastKnownFileType = sourcecode.swift; path = Team.swift; sourceTree = "<group>"; };
		6DAC41C22B4541BD0092A26F /* LoginScreens.storyboard */ = {isa = PBXFileReference; lastKnownFileType = file.storyboard; path = LoginScreens.storyboard; sourceTree = "<group>"; };
		6DAC41C52B4542AF0092A26F /* Alert.swift */ = {isa = PBXFileReference; fileEncoding = 4; lastKnownFileType = sourcecode.swift; path = Alert.swift; sourceTree = "<group>"; };
		6DAC41C62B4542AF0092A26F /* ExtraColors.swift */ = {isa = PBXFileReference; fileEncoding = 4; lastKnownFileType = sourcecode.swift; path = ExtraColors.swift; sourceTree = "<group>"; };
		6DAC41C72B4542AF0092A26F /* DesignableUITextField.swift */ = {isa = PBXFileReference; fileEncoding = 4; lastKnownFileType = sourcecode.swift; path = DesignableUITextField.swift; sourceTree = "<group>"; };
		6DAC41C82B4542AF0092A26F /* ColoredLabels.swift */ = {isa = PBXFileReference; fileEncoding = 4; lastKnownFileType = sourcecode.swift; path = ColoredLabels.swift; sourceTree = "<group>"; };
		6DAC41CD2B4542AF0092A26F /* PaddingTextField.swift */ = {isa = PBXFileReference; fileEncoding = 4; lastKnownFileType = sourcecode.swift; path = PaddingTextField.swift; sourceTree = "<group>"; };
		6DAC41CE2B4542AF0092A26F /* Notification.swift */ = {isa = PBXFileReference; fileEncoding = 4; lastKnownFileType = sourcecode.swift; path = Notification.swift; sourceTree = "<group>"; };
		6DAC41D02B4542AF0092A26F /* TitleLabel.swift */ = {isa = PBXFileReference; fileEncoding = 4; lastKnownFileType = sourcecode.swift; path = TitleLabel.swift; sourceTree = "<group>"; };
		6DAC41D12B4542AF0092A26F /* RoundedButton.swift */ = {isa = PBXFileReference; fileEncoding = 4; lastKnownFileType = sourcecode.swift; path = RoundedButton.swift; sourceTree = "<group>"; };
		6DAC41D32B4542AF0092A26F /* ViewShadow.swift */ = {isa = PBXFileReference; fileEncoding = 4; lastKnownFileType = sourcecode.swift; path = ViewShadow.swift; sourceTree = "<group>"; };
		6DAC41E42B4544EC0092A26F /* LoginVC.swift */ = {isa = PBXFileReference; lastKnownFileType = sourcecode.swift; path = LoginVC.swift; sourceTree = "<group>"; };
		6DAC41E62B4548010092A26F /* CheckMark.json */ = {isa = PBXFileReference; fileEncoding = 4; lastKnownFileType = text.json; path = CheckMark.json; sourceTree = "<group>"; };
		6DAC41E72B4548020092A26F /* CrossX.json */ = {isa = PBXFileReference; fileEncoding = 4; lastKnownFileType = text.json; path = CrossX.json; sourceTree = "<group>"; };
		6DAC41EC2B4664110092A26F /* WorkCell.swift */ = {isa = PBXFileReference; lastKnownFileType = sourcecode.swift; path = WorkCell.swift; sourceTree = "<group>"; };
		6DAC41EE2B46663E0092A26F /* Date.swift */ = {isa = PBXFileReference; lastKnownFileType = sourcecode.swift; path = Date.swift; sourceTree = "<group>"; };
		6DAC41F22B468FC80092A26F /* Montserrat-Light.ttf */ = {isa = PBXFileReference; lastKnownFileType = file; path = "Montserrat-Light.ttf"; sourceTree = "<group>"; };
		6DAC41F32B468FC80092A26F /* Montserrat-ExtraLight.ttf */ = {isa = PBXFileReference; lastKnownFileType = file; path = "Montserrat-ExtraLight.ttf"; sourceTree = "<group>"; };
		6DAC41F42B468FC90092A26F /* Montserrat-Bold.ttf */ = {isa = PBXFileReference; lastKnownFileType = file; path = "Montserrat-Bold.ttf"; sourceTree = "<group>"; };
		6DAC41F52B468FC90092A26F /* Montserrat-Italic.ttf */ = {isa = PBXFileReference; lastKnownFileType = file; path = "Montserrat-Italic.ttf"; sourceTree = "<group>"; };
		6DAC41F62B468FC90092A26F /* Montserrat-ExtraBold.ttf */ = {isa = PBXFileReference; lastKnownFileType = file; path = "Montserrat-ExtraBold.ttf"; sourceTree = "<group>"; };
		6DAC41F72B468FCA0092A26F /* Montserrat-Black.ttf */ = {isa = PBXFileReference; lastKnownFileType = file; path = "Montserrat-Black.ttf"; sourceTree = "<group>"; };
		6DAC41F82B468FCA0092A26F /* Montserrat-ExtraLightItalic.ttf */ = {isa = PBXFileReference; lastKnownFileType = file; path = "Montserrat-ExtraLightItalic.ttf"; sourceTree = "<group>"; };
		6DAC41F92B468FCA0092A26F /* Montserrat-Regular.ttf */ = {isa = PBXFileReference; lastKnownFileType = file; path = "Montserrat-Regular.ttf"; sourceTree = "<group>"; };
		6DAC41FA2B468FCB0092A26F /* Montserrat-Thin.ttf */ = {isa = PBXFileReference; lastKnownFileType = file; path = "Montserrat-Thin.ttf"; sourceTree = "<group>"; };
		6DAC41FB2B468FCB0092A26F /* Montserrat-BlackItalic.ttf */ = {isa = PBXFileReference; lastKnownFileType = file; path = "Montserrat-BlackItalic.ttf"; sourceTree = "<group>"; };
		6DAC41FC2B468FCB0092A26F /* Montserrat-LightItalic.ttf */ = {isa = PBXFileReference; lastKnownFileType = file; path = "Montserrat-LightItalic.ttf"; sourceTree = "<group>"; };
		6DAC42102B468FCC0092A26F /* Montserrat-ThinItalic.ttf */ = {isa = PBXFileReference; lastKnownFileType = file; path = "Montserrat-ThinItalic.ttf"; sourceTree = "<group>"; };
		6DAC42112B468FCC0092A26F /* Montserrat-MediumItalic.ttf */ = {isa = PBXFileReference; lastKnownFileType = file; path = "Montserrat-MediumItalic.ttf"; sourceTree = "<group>"; };
		6DAC42122B468FCD0092A26F /* Montserrat-SemiBoldItalic.ttf */ = {isa = PBXFileReference; lastKnownFileType = file; path = "Montserrat-SemiBoldItalic.ttf"; sourceTree = "<group>"; };
		6DAC42132B468FCD0092A26F /* Montserrat-VariableFont_wght.ttf */ = {isa = PBXFileReference; lastKnownFileType = file; path = "Montserrat-VariableFont_wght.ttf"; sourceTree = "<group>"; };
		6DAC42142B468FCD0092A26F /* Montserrat-Italic-VariableFont_wght.ttf */ = {isa = PBXFileReference; lastKnownFileType = file; path = "Montserrat-Italic-VariableFont_wght.ttf"; sourceTree = "<group>"; };
		6DAC42152B468FCE0092A26F /* Montserrat-ExtraBoldItalic.ttf */ = {isa = PBXFileReference; lastKnownFileType = file; path = "Montserrat-ExtraBoldItalic.ttf"; sourceTree = "<group>"; };
		6DAC42162B468FCE0092A26F /* Montserrat-BoldItalic.ttf */ = {isa = PBXFileReference; lastKnownFileType = file; path = "Montserrat-BoldItalic.ttf"; sourceTree = "<group>"; };
		6DAC42172B468FCE0092A26F /* Montserrat-Medium.ttf */ = {isa = PBXFileReference; lastKnownFileType = file; path = "Montserrat-Medium.ttf"; sourceTree = "<group>"; };
		6DAC42182B468FCF0092A26F /* Montserrat-SemiBold.ttf */ = {isa = PBXFileReference; lastKnownFileType = file; path = "Montserrat-SemiBold.ttf"; sourceTree = "<group>"; };
		6DAC423F2B46A14C0092A26F /* LoadingScreen.swift */ = {isa = PBXFileReference; lastKnownFileType = sourcecode.swift; path = LoadingScreen.swift; sourceTree = "<group>"; };
		6DAD714F2C1A4F0000D13759 /* DropboxFolderConnectVC.swift */ = {isa = PBXFileReference; lastKnownFileType = sourcecode.swift; path = DropboxFolderConnectVC.swift; sourceTree = "<group>"; };
		6DAD71522C1A4F8800D13759 /* DropboxFolderConnectCell.swift */ = {isa = PBXFileReference; lastKnownFileType = sourcecode.swift; path = DropboxFolderConnectCell.swift; sourceTree = "<group>"; };
		6DAFB78F2B9D470A00AEF94F /* ChooseActivityVC.swift */ = {isa = PBXFileReference; lastKnownFileType = sourcecode.swift; path = ChooseActivityVC.swift; sourceTree = "<group>"; };
		6DB5024D2B48FC1E007FE430 /* DriveMapVC.swift */ = {isa = PBXFileReference; lastKnownFileType = sourcecode.swift; path = DriveMapVC.swift; sourceTree = "<group>"; };
		6DB5024F2B48FF27007FE430 /* MapView.swift */ = {isa = PBXFileReference; lastKnownFileType = sourcecode.swift; path = MapView.swift; sourceTree = "<group>"; };
		6DB502512B490240007FE430 /* SendComplete.json */ = {isa = PBXFileReference; fileEncoding = 4; lastKnownFileType = text.json; path = SendComplete.json; sourceTree = "<group>"; };
		6DB502532B49094E007FE430 /* TrashComplete.json */ = {isa = PBXFileReference; fileEncoding = 4; lastKnownFileType = text.json; path = TrashComplete.json; sourceTree = "<group>"; };
		6DB84C6C2B9D525B00B21222 /* AddNewDriveVC.swift */ = {isa = PBXFileReference; lastKnownFileType = sourcecode.swift; path = AddNewDriveVC.swift; sourceTree = "<group>"; };
		6DB84C6E2B9D52B500B21222 /* AddNewWorkVC.swift */ = {isa = PBXFileReference; lastKnownFileType = sourcecode.swift; path = AddNewWorkVC.swift; sourceTree = "<group>"; };
		6DB84C712B9E5B5100B21222 /* String.swift */ = {isa = PBXFileReference; lastKnownFileType = sourcecode.swift; path = String.swift; sourceTree = "<group>"; };
		6DB84C732BA23C1C00B21222 /* NewTeamVC.swift */ = {isa = PBXFileReference; lastKnownFileType = sourcecode.swift; path = NewTeamVC.swift; sourceTree = "<group>"; };
		6DB84C752BA3BE6D00B21222 /* CreateTeamVC.swift */ = {isa = PBXFileReference; lastKnownFileType = sourcecode.swift; path = CreateTeamVC.swift; sourceTree = "<group>"; };
		6DBAF5192B3BC72A004D23EE /* NotificationNames.swift */ = {isa = PBXFileReference; fileEncoding = 4; lastKnownFileType = sourcecode.swift; path = NotificationNames.swift; sourceTree = "<group>"; };
		6DBAF51C2B40D002004D23EE /* Visit.swift */ = {isa = PBXFileReference; lastKnownFileType = sourcecode.swift; path = Visit.swift; sourceTree = "<group>"; };
		6DBAF51F2B40DD6D004D23EE /* VisitQueue.swift */ = {isa = PBXFileReference; lastKnownFileType = sourcecode.swift; path = VisitQueue.swift; sourceTree = "<group>"; };
		6DBAF5212B40DE19004D23EE /* UserDefaults.swift */ = {isa = PBXFileReference; fileEncoding = 4; lastKnownFileType = sourcecode.swift; path = UserDefaults.swift; sourceTree = "<group>"; };
		6DBAF5242B40E829004D23EE /* FirestoreDatabase.swift */ = {isa = PBXFileReference; lastKnownFileType = sourcecode.swift; path = FirestoreDatabase.swift; sourceTree = "<group>"; };
		6DC9DFF72B8C3A510091A376 /* Activity.swift */ = {isa = PBXFileReference; lastKnownFileType = sourcecode.swift; path = Activity.swift; sourceTree = "<group>"; };
		6DC9DFF92B8C3B330091A376 /* Work.swift */ = {isa = PBXFileReference; lastKnownFileType = sourcecode.swift; path = Work.swift; sourceTree = "<group>"; };
		6DC9DFFB2B8C3BB50091A376 /* RegisteredActivity.swift */ = {isa = PBXFileReference; lastKnownFileType = sourcecode.swift; path = RegisteredActivity.swift; sourceTree = "<group>"; };
		6DC9DFFD2B8C3D430091A376 /* RegisteredWork.swift */ = {isa = PBXFileReference; lastKnownFileType = sourcecode.swift; path = RegisteredWork.swift; sourceTree = "<group>"; };
		6DC9DFFF2B8C58520091A376 /* ActivityArray.swift */ = {isa = PBXFileReference; lastKnownFileType = sourcecode.swift; path = ActivityArray.swift; sourceTree = "<group>"; };
		6DC9E0012B8FDAE00091A376 /* DriveCell.swift */ = {isa = PBXFileReference; lastKnownFileType = sourcecode.swift; path = DriveCell.swift; sourceTree = "<group>"; };
		6DDBF1872AFF29990013A77B /* Toast.swift */ = {isa = PBXFileReference; fileEncoding = 4; lastKnownFileType = sourcecode.swift; path = Toast.swift; sourceTree = "<group>"; };
		6DDBF1AD2AFF2C080013A77B /* LoginSuccess.json */ = {isa = PBXFileReference; fileEncoding = 4; lastKnownFileType = text.json; path = LoginSuccess.json; sourceTree = "<group>"; };
		6DDBF2112B081D430013A77B /* LocationManager.swift */ = {isa = PBXFileReference; lastKnownFileType = sourcecode.swift; path = LocationManager.swift; sourceTree = "<group>"; };
		6DDBF2142B08226E0013A77B /* Dictionary.swift */ = {isa = PBXFileReference; lastKnownFileType = sourcecode.swift; path = Dictionary.swift; sourceTree = "<group>"; };
		6DDC54762C165F23005FDAE1 /* AddPropertyImagesVC.swift */ = {isa = PBXFileReference; lastKnownFileType = sourcecode.swift; path = AddPropertyImagesVC.swift; sourceTree = "<group>"; };
		6DDC54792C1661F3005FDAE1 /* ImagePreviewCell.swift */ = {isa = PBXFileReference; lastKnownFileType = sourcecode.swift; path = ImagePreviewCell.swift; sourceTree = "<group>"; };
		6DDC547B2C166231005FDAE1 /* AddNewImageCell.swift */ = {isa = PBXFileReference; lastKnownFileType = sourcecode.swift; path = AddNewImageCell.swift; sourceTree = "<group>"; };
		6DDC547D2C1666A6005FDAE1 /* AlignedCollectionViewFlowLayout.swift */ = {isa = PBXFileReference; fileEncoding = 4; lastKnownFileType = sourcecode.swift; path = AlignedCollectionViewFlowLayout.swift; sourceTree = "<group>"; };
		6DDC547F2C192480005FDAE1 /* DriveSettingsVC.swift */ = {isa = PBXFileReference; lastKnownFileType = sourcecode.swift; path = DriveSettingsVC.swift; sourceTree = "<group>"; };
		6DDC54822C1A24E6005FDAE1 /* DropboxAssistant.swift */ = {isa = PBXFileReference; lastKnownFileType = sourcecode.swift; path = DropboxAssistant.swift; sourceTree = "<group>"; };
		6DDC54842C1A2560005FDAE1 /* UserDropbox.swift */ = {isa = PBXFileReference; lastKnownFileType = sourcecode.swift; path = UserDropbox.swift; sourceTree = "<group>"; };
		6DDC54862C1A2841005FDAE1 /* DropboxConnectVC.swift */ = {isa = PBXFileReference; lastKnownFileType = sourcecode.swift; path = DropboxConnectVC.swift; sourceTree = "<group>"; };
		6DF90E322B48CB53007A116C /* RegisteredDrive.swift */ = {isa = PBXFileReference; lastKnownFileType = sourcecode.swift; path = RegisteredDrive.swift; sourceTree = "<group>"; };
		6DFB55ED2BAFEFA1006758C9 /* CreateSpreadsheetVC.swift */ = {isa = PBXFileReference; lastKnownFileType = sourcecode.swift; path = CreateSpreadsheetVC.swift; sourceTree = "<group>"; };
		6DFB55F02BB0B35C006758C9 /* MemberVC.swift */ = {isa = PBXFileReference; lastKnownFileType = sourcecode.swift; path = MemberVC.swift; sourceTree = "<group>"; };
		6DFB55F22BB0B37F006758C9 /* MemberCell.swift */ = {isa = PBXFileReference; lastKnownFileType = sourcecode.swift; path = MemberCell.swift; sourceTree = "<group>"; };
		73D0707DC6D5018C44F351E2 /* Pods_Property_ManagementTests.framework */ = {isa = PBXFileReference; explicitFileType = wrapper.framework; includeInIndex = 0; path = Pods_Property_ManagementTests.framework; sourceTree = BUILT_PRODUCTS_DIR; };
		7AF5E71E2D236475767F5506 /* Pods_Property_Management.framework */ = {isa = PBXFileReference; explicitFileType = wrapper.framework; includeInIndex = 0; path = Pods_Property_Management.framework; sourceTree = BUILT_PRODUCTS_DIR; };
		88EB124C3863B456AB71970D /* Pods-Property Management-Property ManagementUITests.release.xcconfig */ = {isa = PBXFileReference; includeInIndex = 1; lastKnownFileType = text.xcconfig; name = "Pods-Property Management-Property ManagementUITests.release.xcconfig"; path = "Target Support Files/Pods-Property Management-Property ManagementUITests/Pods-Property Management-Property ManagementUITests.release.xcconfig"; sourceTree = "<group>"; };
		9722EA5CB3E653D72FBBE9AC /* Pods-Property ManagementTests.debug.xcconfig */ = {isa = PBXFileReference; includeInIndex = 1; lastKnownFileType = text.xcconfig; name = "Pods-Property ManagementTests.debug.xcconfig"; path = "Target Support Files/Pods-Property ManagementTests/Pods-Property ManagementTests.debug.xcconfig"; sourceTree = "<group>"; };
		ACD0BE88E7462FD840983D15 /* Pods-Property ManagementTests.release.xcconfig */ = {isa = PBXFileReference; includeInIndex = 1; lastKnownFileType = text.xcconfig; name = "Pods-Property ManagementTests.release.xcconfig"; path = "Target Support Files/Pods-Property ManagementTests/Pods-Property ManagementTests.release.xcconfig"; sourceTree = "<group>"; };
		E7E6CD90656A3C524A46C72E /* Pods-Property Management.debug.xcconfig */ = {isa = PBXFileReference; includeInIndex = 1; lastKnownFileType = text.xcconfig; name = "Pods-Property Management.debug.xcconfig"; path = "Target Support Files/Pods-Property Management/Pods-Property Management.debug.xcconfig"; sourceTree = "<group>"; };
/* End PBXFileReference section */

/* Begin PBXFrameworksBuildPhase section */
		6D9E66732AF1CD1B002E9664 /* Frameworks */ = {
			isa = PBXFrameworksBuildPhase;
			buildActionMask = 2147483647;
			files = (
				A01C904C56CC1D7A0427E64C /* Pods_Property_Management.framework in Frameworks */,
			);
			runOnlyForDeploymentPostprocessing = 0;
		};
		6D9E66892AF1CD1D002E9664 /* Frameworks */ = {
			isa = PBXFrameworksBuildPhase;
			buildActionMask = 2147483647;
			files = (
				2C3984CFB1CAF7C0BC421BB9 /* Pods_Property_ManagementTests.framework in Frameworks */,
			);
			runOnlyForDeploymentPostprocessing = 0;
		};
		6D9E66932AF1CD1D002E9664 /* Frameworks */ = {
			isa = PBXFrameworksBuildPhase;
			buildActionMask = 2147483647;
			files = (
				2059A15D4325ED8D3D29FCE6 /* Pods_Property_Management_Property_ManagementUITests.framework in Frameworks */,
			);
			runOnlyForDeploymentPostprocessing = 0;
		};
/* End PBXFrameworksBuildPhase section */

/* Begin PBXGroup section */
		6D05E49F2B532498001DF6D2 /* Session */ = {
			isa = PBXGroup;
			children = (
				6D05E4A02B5324AB001DF6D2 /* SessionVC.swift */,
			);
			path = Session;
			sourceTree = "<group>";
		};
		6D5C80BA2C2A229F00A02C3F /* Photo Upload */ = {
			isa = PBXGroup;
			children = (
				6D5C80BB2C2A22BB00A02C3F /* PhotoUploadVC.swift */,
			);
			path = "Photo Upload";
			sourceTree = "<group>";
		};
		6D626C6D2BB5EF3600031DE1 /* Settings */ = {
			isa = PBXGroup;
			children = (
				6D626C6E2BB5EF4B00031DE1 /* SettingsVC.swift */,
				6D626C702BB663C300031DE1 /* SettingCell.swift */,
				6D626C762BB7B9E500031DE1 /* NotificationsVC.swift */,
				6DDC547F2C192480005FDAE1 /* DriveSettingsVC.swift */,
				6D5C38052CADD4F10068FDD2 /* PhotoSettingsVC.swift */,
				6DDC54862C1A2841005FDAE1 /* DropboxConnectVC.swift */,
				6DAD71512C1A4F0600D13759 /* Dropbox */,
			);
			path = Settings;
			sourceTree = "<group>";
		};
		6D8191C42AF1DD230001E211 /* Custom UI */ = {
			isa = PBXGroup;
			children = (
				6DAC41C72B4542AF0092A26F /* DesignableUITextField.swift */,
				6DAC41CD2B4542AF0092A26F /* PaddingTextField.swift */,
				6DAC41D12B4542AF0092A26F /* RoundedButton.swift */,
				6DAC41D02B4542AF0092A26F /* TitleLabel.swift */,
				6DAC41D32B4542AF0092A26F /* ViewShadow.swift */,
				6DAC41C52B4542AF0092A26F /* Alert.swift */,
				6DAC41C62B4542AF0092A26F /* ExtraColors.swift */,
				6DAC41C82B4542AF0092A26F /* ColoredLabels.swift */,
				6DAC41CE2B4542AF0092A26F /* Notification.swift */,
				6DDBF1872AFF29990013A77B /* Toast.swift */,
				6D8191C52AF1DD3F0001E211 /* HideKeyboard.swift */,
				6DAC423F2B46A14C0092A26F /* LoadingScreen.swift */,
				6DB5024F2B48FF27007FE430 /* MapView.swift */,
			);
			path = "Custom UI";
			sourceTree = "<group>";
		};
		6D8191C72AF1EFD80001E211 /* Cloud Helpers */ = {
			isa = PBXGroup;
			children = (
				6DBAF5232B40E814004D23EE /* Database */,
				6DBAF51B2B40CFF2004D23EE /* Location */,
				6DDBF2132B08224D0013A77B /* Class Extensions */,
				6DDC54812C1A24D0005FDAE1 /* Assistants */,
				6D8191CD2AFB34940001E211 /* Constants.swift */,
				6D1B7CBB2B46C81700A9EC96 /* API_KEYS.swift */,
				6D05E4A22B534F38001DF6D2 /* Stopwatch.swift */,
				6D626C722BB6903A00031DE1 /* NotificationManager.swift */,
			);
			path = "Cloud Helpers";
			sourceTree = "<group>";
		};
		6D8EDE422AF1D2E6000483D3 /* Master Items */ = {
			isa = PBXGroup;
			children = (
				6DDBF1AF2AFF2CAF0013A77B /* Fonts */,
				6D9E66792AF1CD1B002E9664 /* AppDelegate.swift */,
				6D9E667B2AF1CD1B002E9664 /* SceneDelegate.swift */,
				6D9E66822AF1CD1D002E9664 /* Assets.xcassets */,
				6D9E66842AF1CD1D002E9664 /* LaunchScreen.storyboard */,
				6D9E66872AF1CD1D002E9664 /* Info.plist */,
				6D8EDE402AF1D2DF000483D3 /* GoogleService-Info.plist */,
			);
			path = "Master Items";
			sourceTree = "<group>";
		};
		6D9E666D2AF1CD1B002E9664 = {
			isa = PBXGroup;
			children = (
				6D9E66782AF1CD1B002E9664 /* Property Management */,
				6D9E668F2AF1CD1D002E9664 /* Property ManagementTests */,
				6D9E66992AF1CD1D002E9664 /* Property ManagementUITests */,
				6D9E66772AF1CD1B002E9664 /* Products */,
				F3FFAD4BAFE9BAAF8B207D58 /* Pods */,
				D83A24A1BA16D0E977266185 /* Frameworks */,
			);
			sourceTree = "<group>";
		};
		6D9E66772AF1CD1B002E9664 /* Products */ = {
			isa = PBXGroup;
			children = (
				6D9E66762AF1CD1B002E9664 /* Property Management.app */,
				6D9E668C2AF1CD1D002E9664 /* Property ManagementTests.xctest */,
				6D9E66962AF1CD1D002E9664 /* Property ManagementUITests.xctest */,
			);
			name = Products;
			sourceTree = "<group>";
		};
		6D9E66782AF1CD1B002E9664 /* Property Management */ = {
			isa = PBXGroup;
			children = (
				6D626C7B2BB8E79400031DE1 /* Property Management.entitlements */,
				6D8EDE422AF1D2E6000483D3 /* Master Items */,
				6DBAF51E2B40DD5C004D23EE /* Data Objects */,
				6DDBF1862AFF29830013A77B /* Animations */,
				6D8191C42AF1DD230001E211 /* Custom UI */,
				6DAC41E22B4544C80092A26F /* View Controllers */,
				6D8191C72AF1EFD80001E211 /* Cloud Helpers */,
				6DB5024C2B48FC01007FE430 /* Storyboards */,
			);
			path = "Property Management";
			sourceTree = "<group>";
		};
		6D9E668F2AF1CD1D002E9664 /* Property ManagementTests */ = {
			isa = PBXGroup;
			children = (
				6D9E66902AF1CD1D002E9664 /* Property_ManagementTests.swift */,
			);
			path = "Property ManagementTests";
			sourceTree = "<group>";
		};
		6D9E66992AF1CD1D002E9664 /* Property ManagementUITests */ = {
			isa = PBXGroup;
			children = (
				6D9E669A2AF1CD1D002E9664 /* Property_ManagementUITests.swift */,
				6D9E669C2AF1CD1D002E9664 /* Property_ManagementUITestsLaunchTests.swift */,
			);
			path = "Property ManagementUITests";
			sourceTree = "<group>";
		};
		6DAC41E22B4544C80092A26F /* View Controllers */ = {
			isa = PBXGroup;
			children = (
				6D5C80BA2C2A229F00A02C3F /* Photo Upload */,
				6D626C6D2BB5EF3600031DE1 /* Settings */,
				6D05E49F2B532498001DF6D2 /* Session */,
				6DAC41EA2B4663C90092A26F /* Home */,
				6DAC41E32B4544D10092A26F /* Login */,
			);
			path = "View Controllers";
			sourceTree = "<group>";
		};
		6DAC41E32B4544D10092A26F /* Login */ = {
			isa = PBXGroup;
			children = (
				6DFB55EF2BB0B2F7006758C9 /* Profile */,
				6DAC41E42B4544EC0092A26F /* LoginVC.swift */,
				6DB84C732BA23C1C00B21222 /* NewTeamVC.swift */,
				6DB84C752BA3BE6D00B21222 /* CreateTeamVC.swift */,
				6DFB55ED2BAFEFA1006758C9 /* CreateSpreadsheetVC.swift */,
			);
			path = Login;
			sourceTree = "<group>";
		};
		6DAC41EA2B4663C90092A26F /* Home */ = {
			isa = PBXGroup;
			children = (
				6DDC54752C165B97005FDAE1 /* Add Images */,
				6DAC41EB2B4663CF0092A26F /* Table View Cells */,
				6D9E667D2AF1CD1B002E9664 /* HomeVC.swift */,
				6DB5024D2B48FC1E007FE430 /* DriveMapVC.swift */,
				6DB84C702B9D657100B21222 /* Add New Activity */,
				6D6668592BBA20B9007A7D90 /* LoggedActivitiesVC.swift */,
			);
			path = Home;
			sourceTree = "<group>";
		};
		6DAC41EB2B4663CF0092A26F /* Table View Cells */ = {
			isa = PBXGroup;
			children = (
				6DAC41EC2B4664110092A26F /* WorkCell.swift */,
				6DC9E0012B8FDAE00091A376 /* DriveCell.swift */,
				6D6034332BA8193300E799B0 /* NoActivityCell.swift */,
				6D3CB0252CBD8F4D00B15F70 /* MergedCell.swift */,
			);
			path = "Table View Cells";
			sourceTree = "<group>";
		};
		6DAD71512C1A4F0600D13759 /* Dropbox */ = {
			isa = PBXGroup;
			children = (
				6DAD714F2C1A4F0000D13759 /* DropboxFolderConnectVC.swift */,
				6DAD71522C1A4F8800D13759 /* DropboxFolderConnectCell.swift */,
			);
			path = Dropbox;
			sourceTree = "<group>";
		};
		6DB5024C2B48FC01007FE430 /* Storyboards */ = {
			isa = PBXGroup;
			children = (
				6D626C792BB7BD6B00031DE1 /* Settings.storyboard */,
				6D9E667F2AF1CD1B002E9664 /* Main.storyboard */,
				6DAC41C22B4541BD0092A26F /* LoginScreens.storyboard */,
			);
			path = Storyboards;
			sourceTree = "<group>";
		};
		6DB84C702B9D657100B21222 /* Add New Activity */ = {
			isa = PBXGroup;
			children = (
				6DAFB78F2B9D470A00AEF94F /* ChooseActivityVC.swift */,
				6DB84C6C2B9D525B00B21222 /* AddNewDriveVC.swift */,
				6DB84C6E2B9D52B500B21222 /* AddNewWorkVC.swift */,
				6D66685B2BBFD99A007A7D90 /* AddressLookupVC.swift */,
				6D66685D2BBFDAE4007A7D90 /* AddressLookupCell.swift */,
				6D5C80B82C29F3DE00A02C3F /* AddressComplete.swift */,
			);
			path = "Add New Activity";
			sourceTree = "<group>";
		};
		6DBAF51B2B40CFF2004D23EE /* Location */ = {
			isa = PBXGroup;
			children = (
				6DDBF2112B081D430013A77B /* LocationManager.swift */,
				6D6B26852B4FE43500809D6D /* RecentLocation.swift */,
				6D6B26872B4FE47100809D6D /* RecentLocationQueue.swift */,
				6D3CB0292CBDC1D600B15F70 /* PendingDriveQueue.swift */,
				6D78CD2A2C0D6B4400732BD8 /* SavedLocations.swift */,
			);
			path = Location;
			sourceTree = "<group>";
		};
		6DBAF51E2B40DD5C004D23EE /* Data Objects */ = {
			isa = PBXGroup;
			children = (
				6D3CB0272CBD991500B15F70 /* MergedActivity.swift */,
				6DBAF5212B40DE19004D23EE /* UserDefaults.swift */,
				6DBAF51F2B40DD6D004D23EE /* VisitQueue.swift */,
				6DAC41BE2B40F83D0092A26F /* User.swift */,
				6DBAF51C2B40D002004D23EE /* Visit.swift */,
				6DAC41C02B424F9C0092A26F /* Team.swift */,
				6DC9DFF72B8C3A510091A376 /* Activity.swift */,
				6D1B7CBD2B47644400A9EC96 /* Drive.swift */,
				6DC9DFF92B8C3B330091A376 /* Work.swift */,
				6DC9DFFB2B8C3BB50091A376 /* RegisteredActivity.swift */,
				6DC9DFFD2B8C3D430091A376 /* RegisteredWork.swift */,
				6DF90E322B48CB53007A116C /* RegisteredDrive.swift */,
				6D626C742BB7B92500031DE1 /* UserSettings.swift */,
				6DDC54842C1A2560005FDAE1 /* UserDropbox.swift */,
			);
			path = "Data Objects";
			sourceTree = "<group>";
		};
		6DBAF5232B40E814004D23EE /* Database */ = {
			isa = PBXGroup;
			children = (
				6DBAF5242B40E829004D23EE /* FirestoreDatabase.swift */,
				6D6979762B85C66300E93E28 /* FirebaseStorage.swift */,
			);
			path = Database;
			sourceTree = "<group>";
		};
		6DDBF1862AFF29830013A77B /* Animations */ = {
			isa = PBXGroup;
			children = (
				6DB502532B49094E007FE430 /* TrashComplete.json */,
				6DB502512B490240007FE430 /* SendComplete.json */,
				6DAC41E62B4548010092A26F /* CheckMark.json */,
				6DAC41E72B4548020092A26F /* CrossX.json */,
				6DDBF1AD2AFF2C080013A77B /* LoginSuccess.json */,
			);
			path = Animations;
			sourceTree = "<group>";
		};
		6DDBF1AF2AFF2CAF0013A77B /* Fonts */ = {
			isa = PBXGroup;
			children = (
				6DAC41F72B468FCA0092A26F /* Montserrat-Black.ttf */,
				6DAC41FB2B468FCB0092A26F /* Montserrat-BlackItalic.ttf */,
				6DAC41F42B468FC90092A26F /* Montserrat-Bold.ttf */,
				6DAC42162B468FCE0092A26F /* Montserrat-BoldItalic.ttf */,
				6DAC41F62B468FC90092A26F /* Montserrat-ExtraBold.ttf */,
				6DAC42152B468FCE0092A26F /* Montserrat-ExtraBoldItalic.ttf */,
				6DAC41F32B468FC80092A26F /* Montserrat-ExtraLight.ttf */,
				6DAC41F82B468FCA0092A26F /* Montserrat-ExtraLightItalic.ttf */,
				6DAC42142B468FCD0092A26F /* Montserrat-Italic-VariableFont_wght.ttf */,
				6DAC41F52B468FC90092A26F /* Montserrat-Italic.ttf */,
				6DAC41F22B468FC80092A26F /* Montserrat-Light.ttf */,
				6DAC41FC2B468FCB0092A26F /* Montserrat-LightItalic.ttf */,
				6DAC42172B468FCE0092A26F /* Montserrat-Medium.ttf */,
				6DAC42112B468FCC0092A26F /* Montserrat-MediumItalic.ttf */,
				6DAC41F92B468FCA0092A26F /* Montserrat-Regular.ttf */,
				6DAC42182B468FCF0092A26F /* Montserrat-SemiBold.ttf */,
				6DAC42122B468FCD0092A26F /* Montserrat-SemiBoldItalic.ttf */,
				6DAC41FA2B468FCB0092A26F /* Montserrat-Thin.ttf */,
				6DAC42102B468FCC0092A26F /* Montserrat-ThinItalic.ttf */,
				6DAC42132B468FCD0092A26F /* Montserrat-VariableFont_wght.ttf */,
			);
			path = Fonts;
			sourceTree = "<group>";
		};
		6DDBF2132B08224D0013A77B /* Class Extensions */ = {
			isa = PBXGroup;
			children = (
				6DBAF5192B3BC72A004D23EE /* NotificationNames.swift */,
				6DDBF2142B08226E0013A77B /* Dictionary.swift */,
				6DAC41EE2B46663E0092A26F /* Date.swift */,
				6DC9DFFF2B8C58520091A376 /* ActivityArray.swift */,
				6DB84C712B9E5B5100B21222 /* String.swift */,
				6D01B0482C2C9FFE007C336C /* ImageCompressor.swift */,
			);
			path = "Class Extensions";
			sourceTree = "<group>";
		};
		6DDC54752C165B97005FDAE1 /* Add Images */ = {
			isa = PBXGroup;
			children = (
				6DDC547D2C1666A6005FDAE1 /* AlignedCollectionViewFlowLayout.swift */,
				6DDC54782C1661D5005FDAE1 /* Collection View Cells */,
				6DDC54762C165F23005FDAE1 /* AddPropertyImagesVC.swift */,
				6D01B04A2C2CB3FD007C336C /* CameraViewController.swift */,
				6D1687532C62C9A000FC083E /* ImagePreviewVC.swift */,
				6D1687552C62E8EC00FC083E /* VideoPreviewVC.swift */,
			);
			path = "Add Images";
			sourceTree = "<group>";
		};
		6DDC54782C1661D5005FDAE1 /* Collection View Cells */ = {
			isa = PBXGroup;
			children = (
				6DDC54792C1661F3005FDAE1 /* ImagePreviewCell.swift */,
				6DDC547B2C166231005FDAE1 /* AddNewImageCell.swift */,
			);
			path = "Collection View Cells";
			sourceTree = "<group>";
		};
		6DDC54812C1A24D0005FDAE1 /* Assistants */ = {
			isa = PBXGroup;
			children = (
				6D8191C82AF1EFF50001E211 /* GoogleSheetAssistant.swift */,
				6DDC54822C1A24E6005FDAE1 /* DropboxAssistant.swift */,
			);
			path = Assistants;
			sourceTree = "<group>";
		};
		6DFB55EF2BB0B2F7006758C9 /* Profile */ = {
			isa = PBXGroup;
			children = (
				6D227E032B954DC9008C4289 /* ProfileVC.swift */,
				6DFB55F02BB0B35C006758C9 /* MemberVC.swift */,
				6DFB55F22BB0B37F006758C9 /* MemberCell.swift */,
			);
			path = Profile;
			sourceTree = "<group>";
		};
		D83A24A1BA16D0E977266185 /* Frameworks */ = {
			isa = PBXGroup;
			children = (
				7AF5E71E2D236475767F5506 /* Pods_Property_Management.framework */,
				167838D5BFE2A18DB108A80F /* Pods_Property_Management_Property_ManagementUITests.framework */,
				73D0707DC6D5018C44F351E2 /* Pods_Property_ManagementTests.framework */,
			);
			name = Frameworks;
			sourceTree = "<group>";
		};
		F3FFAD4BAFE9BAAF8B207D58 /* Pods */ = {
			isa = PBXGroup;
			children = (
				E7E6CD90656A3C524A46C72E /* Pods-Property Management.debug.xcconfig */,
				3C7EC148C450BD7B0AF6AD68 /* Pods-Property Management.release.xcconfig */,
				261B3A137CED5B969EB5042C /* Pods-Property Management-Property ManagementUITests.debug.xcconfig */,
				88EB124C3863B456AB71970D /* Pods-Property Management-Property ManagementUITests.release.xcconfig */,
				9722EA5CB3E653D72FBBE9AC /* Pods-Property ManagementTests.debug.xcconfig */,
				ACD0BE88E7462FD840983D15 /* Pods-Property ManagementTests.release.xcconfig */,
			);
			path = Pods;
			sourceTree = "<group>";
		};
/* End PBXGroup section */

/* Begin PBXNativeTarget section */
		6D9E66752AF1CD1B002E9664 /* Property Management */ = {
			isa = PBXNativeTarget;
			buildConfigurationList = 6D9E66A02AF1CD1D002E9664 /* Build configuration list for PBXNativeTarget "Property Management" */;
			buildPhases = (
				9EDEF2F812416417A0C85740 /* [CP] Check Pods Manifest.lock */,
				6D9E66722AF1CD1B002E9664 /* Sources */,
				6D9E66732AF1CD1B002E9664 /* Frameworks */,
				6D9E66742AF1CD1B002E9664 /* Resources */,
				C7619FC431DA24F1BD81C9AB /* [CP] Embed Pods Frameworks */,
			);
			buildRules = (
			);
			dependencies = (
			);
			name = "Property Management";
			productName = "Property Management";
			productReference = 6D9E66762AF1CD1B002E9664 /* Property Management.app */;
			productType = "com.apple.product-type.application";
		};
		6D9E668B2AF1CD1D002E9664 /* Property ManagementTests */ = {
			isa = PBXNativeTarget;
			buildConfigurationList = 6D9E66A32AF1CD1D002E9664 /* Build configuration list for PBXNativeTarget "Property ManagementTests" */;
			buildPhases = (
				52138A062F940F5391F57BFD /* [CP] Check Pods Manifest.lock */,
				6D9E66882AF1CD1D002E9664 /* Sources */,
				6D9E66892AF1CD1D002E9664 /* Frameworks */,
				6D9E668A2AF1CD1D002E9664 /* Resources */,
			);
			buildRules = (
			);
			dependencies = (
				6D9E668E2AF1CD1D002E9664 /* PBXTargetDependency */,
			);
			name = "Property ManagementTests";
			productName = "Property ManagementTests";
			productReference = 6D9E668C2AF1CD1D002E9664 /* Property ManagementTests.xctest */;
			productType = "com.apple.product-type.bundle.unit-test";
		};
		6D9E66952AF1CD1D002E9664 /* Property ManagementUITests */ = {
			isa = PBXNativeTarget;
			buildConfigurationList = 6D9E66A62AF1CD1D002E9664 /* Build configuration list for PBXNativeTarget "Property ManagementUITests" */;
			buildPhases = (
				6ACA70E69B984B42061E6E61 /* [CP] Check Pods Manifest.lock */,
				6D9E66922AF1CD1D002E9664 /* Sources */,
				6D9E66932AF1CD1D002E9664 /* Frameworks */,
				6D9E66942AF1CD1D002E9664 /* Resources */,
				99EB8988CF97BCEBA3EB424E /* [CP] Embed Pods Frameworks */,
			);
			buildRules = (
			);
			dependencies = (
				6D9E66982AF1CD1D002E9664 /* PBXTargetDependency */,
			);
			name = "Property ManagementUITests";
			productName = "Property ManagementUITests";
			productReference = 6D9E66962AF1CD1D002E9664 /* Property ManagementUITests.xctest */;
			productType = "com.apple.product-type.bundle.ui-testing";
		};
/* End PBXNativeTarget section */

/* Begin PBXProject section */
		6D9E666E2AF1CD1B002E9664 /* Project object */ = {
			isa = PBXProject;
			attributes = {
				BuildIndependentTargetsInParallel = 1;
				LastSwiftUpdateCheck = 1500;
				LastUpgradeCheck = 1500;
				TargetAttributes = {
					6D9E66752AF1CD1B002E9664 = {
						CreatedOnToolsVersion = 15.0.1;
					};
					6D9E668B2AF1CD1D002E9664 = {
						CreatedOnToolsVersion = 15.0.1;
						TestTargetID = 6D9E66752AF1CD1B002E9664;
					};
					6D9E66952AF1CD1D002E9664 = {
						CreatedOnToolsVersion = 15.0.1;
						TestTargetID = 6D9E66752AF1CD1B002E9664;
					};
				};
			};
			buildConfigurationList = 6D9E66712AF1CD1B002E9664 /* Build configuration list for PBXProject "Property Management" */;
			compatibilityVersion = "Xcode 14.0";
			developmentRegion = en;
			hasScannedForEncodings = 0;
			knownRegions = (
				en,
				Base,
			);
			mainGroup = 6D9E666D2AF1CD1B002E9664;
			productRefGroup = 6D9E66772AF1CD1B002E9664 /* Products */;
			projectDirPath = "";
			projectRoot = "";
			targets = (
				6D9E66752AF1CD1B002E9664 /* Property Management */,
				6D9E668B2AF1CD1D002E9664 /* Property ManagementTests */,
				6D9E66952AF1CD1D002E9664 /* Property ManagementUITests */,
			);
		};
/* End PBXProject section */

/* Begin PBXResourcesBuildPhase section */
		6D9E66742AF1CD1B002E9664 /* Resources */ = {
			isa = PBXResourcesBuildPhase;
			buildActionMask = 2147483647;
			files = (
				6DAC42202B468FCF0092A26F /* Montserrat-Regular.ttf in Resources */,
				6DAC42372B468FCF0092A26F /* Montserrat-MediumItalic.ttf in Resources */,
				6D9E66862AF1CD1D002E9664 /* LaunchScreen.storyboard in Resources */,
				6DAC423C2B468FCF0092A26F /* Montserrat-BoldItalic.ttf in Resources */,
				6DAC421E2B468FCF0092A26F /* Montserrat-Black.ttf in Resources */,
				6DAC421F2B468FCF0092A26F /* Montserrat-ExtraLightItalic.ttf in Resources */,
				6DAC423A2B468FCF0092A26F /* Montserrat-Italic-VariableFont_wght.ttf in Resources */,
				6DAC41E92B4548020092A26F /* CrossX.json in Resources */,
				6DAC42362B468FCF0092A26F /* Montserrat-ThinItalic.ttf in Resources */,
				6D8EDE412AF1D2E0000483D3 /* GoogleService-Info.plist in Resources */,
				6DAC421C2B468FCF0092A26F /* Montserrat-Italic.ttf in Resources */,
				6DB502542B49094F007FE430 /* TrashComplete.json in Resources */,
				6DAC423D2B468FCF0092A26F /* Montserrat-Medium.ttf in Resources */,
				6DAC42192B468FCF0092A26F /* Montserrat-Light.ttf in Resources */,
				6DAC423B2B468FCF0092A26F /* Montserrat-ExtraBoldItalic.ttf in Resources */,
				6DAC423E2B468FCF0092A26F /* Montserrat-SemiBold.ttf in Resources */,
				6DDBF1AE2AFF2C080013A77B /* LoginSuccess.json in Resources */,
				6DAC42382B468FCF0092A26F /* Montserrat-SemiBoldItalic.ttf in Resources */,
				6DAC42222B468FCF0092A26F /* Montserrat-BlackItalic.ttf in Resources */,
				6DAC42392B468FCF0092A26F /* Montserrat-VariableFont_wght.ttf in Resources */,
				6D9E66832AF1CD1D002E9664 /* Assets.xcassets in Resources */,
				6DAC41C32B4541BD0092A26F /* LoginScreens.storyboard in Resources */,
				6DAC421D2B468FCF0092A26F /* Montserrat-ExtraBold.ttf in Resources */,
				6DAC42212B468FCF0092A26F /* Montserrat-Thin.ttf in Resources */,
				6DAC42232B468FCF0092A26F /* Montserrat-LightItalic.ttf in Resources */,
				6DAC41E82B4548020092A26F /* CheckMark.json in Resources */,
				6D9E66812AF1CD1B002E9664 /* Main.storyboard in Resources */,
				6D626C7A2BB7BD6B00031DE1 /* Settings.storyboard in Resources */,
				6DB502522B490240007FE430 /* SendComplete.json in Resources */,
				6DAC421B2B468FCF0092A26F /* Montserrat-Bold.ttf in Resources */,
				6DAC421A2B468FCF0092A26F /* Montserrat-ExtraLight.ttf in Resources */,
			);
			runOnlyForDeploymentPostprocessing = 0;
		};
		6D9E668A2AF1CD1D002E9664 /* Resources */ = {
			isa = PBXResourcesBuildPhase;
			buildActionMask = 2147483647;
			files = (
			);
			runOnlyForDeploymentPostprocessing = 0;
		};
		6D9E66942AF1CD1D002E9664 /* Resources */ = {
			isa = PBXResourcesBuildPhase;
			buildActionMask = 2147483647;
			files = (
			);
			runOnlyForDeploymentPostprocessing = 0;
		};
/* End PBXResourcesBuildPhase section */

/* Begin PBXShellScriptBuildPhase section */
		52138A062F940F5391F57BFD /* [CP] Check Pods Manifest.lock */ = {
			isa = PBXShellScriptBuildPhase;
			buildActionMask = 2147483647;
			files = (
			);
			inputFileListPaths = (
			);
			inputPaths = (
				"${PODS_PODFILE_DIR_PATH}/Podfile.lock",
				"${PODS_ROOT}/Manifest.lock",
			);
			name = "[CP] Check Pods Manifest.lock";
			outputFileListPaths = (
			);
			outputPaths = (
				"$(DERIVED_FILE_DIR)/Pods-Property ManagementTests-checkManifestLockResult.txt",
			);
			runOnlyForDeploymentPostprocessing = 0;
			shellPath = /bin/sh;
			shellScript = "diff \"${PODS_PODFILE_DIR_PATH}/Podfile.lock\" \"${PODS_ROOT}/Manifest.lock\" > /dev/null\nif [ $? != 0 ] ; then\n    # print error to STDERR\n    echo \"error: The sandbox is not in sync with the Podfile.lock. Run 'pod install' or update your CocoaPods installation.\" >&2\n    exit 1\nfi\n# This output is used by Xcode 'outputs' to avoid re-running this script phase.\necho \"SUCCESS\" > \"${SCRIPT_OUTPUT_FILE_0}\"\n";
			showEnvVarsInLog = 0;
		};
		6ACA70E69B984B42061E6E61 /* [CP] Check Pods Manifest.lock */ = {
			isa = PBXShellScriptBuildPhase;
			buildActionMask = 2147483647;
			files = (
			);
			inputFileListPaths = (
			);
			inputPaths = (
				"${PODS_PODFILE_DIR_PATH}/Podfile.lock",
				"${PODS_ROOT}/Manifest.lock",
			);
			name = "[CP] Check Pods Manifest.lock";
			outputFileListPaths = (
			);
			outputPaths = (
				"$(DERIVED_FILE_DIR)/Pods-Property Management-Property ManagementUITests-checkManifestLockResult.txt",
			);
			runOnlyForDeploymentPostprocessing = 0;
			shellPath = /bin/sh;
			shellScript = "diff \"${PODS_PODFILE_DIR_PATH}/Podfile.lock\" \"${PODS_ROOT}/Manifest.lock\" > /dev/null\nif [ $? != 0 ] ; then\n    # print error to STDERR\n    echo \"error: The sandbox is not in sync with the Podfile.lock. Run 'pod install' or update your CocoaPods installation.\" >&2\n    exit 1\nfi\n# This output is used by Xcode 'outputs' to avoid re-running this script phase.\necho \"SUCCESS\" > \"${SCRIPT_OUTPUT_FILE_0}\"\n";
			showEnvVarsInLog = 0;
		};
		99EB8988CF97BCEBA3EB424E /* [CP] Embed Pods Frameworks */ = {
			isa = PBXShellScriptBuildPhase;
			buildActionMask = 2147483647;
			files = (
			);
			inputFileListPaths = (
				"${PODS_ROOT}/Target Support Files/Pods-Property Management-Property ManagementUITests/Pods-Property Management-Property ManagementUITests-frameworks-${CONFIGURATION}-input-files.xcfilelist",
			);
			name = "[CP] Embed Pods Frameworks";
			outputFileListPaths = (
				"${PODS_ROOT}/Target Support Files/Pods-Property Management-Property ManagementUITests/Pods-Property Management-Property ManagementUITests-frameworks-${CONFIGURATION}-output-files.xcfilelist",
			);
			runOnlyForDeploymentPostprocessing = 0;
			shellPath = /bin/sh;
			shellScript = "\"${PODS_ROOT}/Target Support Files/Pods-Property Management-Property ManagementUITests/Pods-Property Management-Property ManagementUITests-frameworks.sh\"\n";
			showEnvVarsInLog = 0;
		};
		9EDEF2F812416417A0C85740 /* [CP] Check Pods Manifest.lock */ = {
			isa = PBXShellScriptBuildPhase;
			buildActionMask = 2147483647;
			files = (
			);
			inputFileListPaths = (
			);
			inputPaths = (
				"${PODS_PODFILE_DIR_PATH}/Podfile.lock",
				"${PODS_ROOT}/Manifest.lock",
			);
			name = "[CP] Check Pods Manifest.lock";
			outputFileListPaths = (
			);
			outputPaths = (
				"$(DERIVED_FILE_DIR)/Pods-Property Management-checkManifestLockResult.txt",
			);
			runOnlyForDeploymentPostprocessing = 0;
			shellPath = /bin/sh;
			shellScript = "diff \"${PODS_PODFILE_DIR_PATH}/Podfile.lock\" \"${PODS_ROOT}/Manifest.lock\" > /dev/null\nif [ $? != 0 ] ; then\n    # print error to STDERR\n    echo \"error: The sandbox is not in sync with the Podfile.lock. Run 'pod install' or update your CocoaPods installation.\" >&2\n    exit 1\nfi\n# This output is used by Xcode 'outputs' to avoid re-running this script phase.\necho \"SUCCESS\" > \"${SCRIPT_OUTPUT_FILE_0}\"\n";
			showEnvVarsInLog = 0;
		};
		C7619FC431DA24F1BD81C9AB /* [CP] Embed Pods Frameworks */ = {
			isa = PBXShellScriptBuildPhase;
			buildActionMask = 2147483647;
			files = (
			);
			inputFileListPaths = (
				"${PODS_ROOT}/Target Support Files/Pods-Property Management/Pods-Property Management-frameworks-${CONFIGURATION}-input-files.xcfilelist",
			);
			name = "[CP] Embed Pods Frameworks";
			outputFileListPaths = (
				"${PODS_ROOT}/Target Support Files/Pods-Property Management/Pods-Property Management-frameworks-${CONFIGURATION}-output-files.xcfilelist",
			);
			runOnlyForDeploymentPostprocessing = 0;
			shellPath = /bin/sh;
			shellScript = "\"${PODS_ROOT}/Target Support Files/Pods-Property Management/Pods-Property Management-frameworks.sh\"\n";
			showEnvVarsInLog = 0;
		};
/* End PBXShellScriptBuildPhase section */

/* Begin PBXSourcesBuildPhase section */
		6D9E66722AF1CD1B002E9664 /* Sources */ = {
			isa = PBXSourcesBuildPhase;
			buildActionMask = 2147483647;
			files = (
				6DAC42402B46A14C0092A26F /* LoadingScreen.swift in Sources */,
				6DBAF5252B40E829004D23EE /* FirestoreDatabase.swift in Sources */,
				6DAC41DB2B4542B00092A26F /* PaddingTextField.swift in Sources */,
				6DDC54772C165F23005FDAE1 /* AddPropertyImagesVC.swift in Sources */,
				6DAC41D72B4542AF0092A26F /* ColoredLabels.swift in Sources */,
				6D8191C62AF1DD3F0001E211 /* HideKeyboard.swift in Sources */,
				6DAD71502C1A4F0000D13759 /* DropboxFolderConnectVC.swift in Sources */,
				6DDC547E2C1666A6005FDAE1 /* AlignedCollectionViewFlowLayout.swift in Sources */,
				6DB84C742BA23C1C00B21222 /* NewTeamVC.swift in Sources */,
				6DDBF1882AFF29990013A77B /* Toast.swift in Sources */,
				6DAC41D42B4542AF0092A26F /* Alert.swift in Sources */,
				6D6B26882B4FE47100809D6D /* RecentLocationQueue.swift in Sources */,
				6D01B0492C2C9FFE007C336C /* ImageCompressor.swift in Sources */,
				6D66685C2BBFD99A007A7D90 /* AddressLookupVC.swift in Sources */,
				6D9E667E2AF1CD1B002E9664 /* HomeVC.swift in Sources */,
				6D1B7CBC2B46C81700A9EC96 /* API_KEYS.swift in Sources */,
				6DFB55F32BB0B37F006758C9 /* MemberCell.swift in Sources */,
				6DB502502B48FF27007FE430 /* MapView.swift in Sources */,
				6D626C752BB7B92500031DE1 /* UserSettings.swift in Sources */,
				6DBAF51D2B40D002004D23EE /* Visit.swift in Sources */,
				6D78CD2B2C0D6B4400732BD8 /* SavedLocations.swift in Sources */,
				6D626C712BB663C300031DE1 /* SettingCell.swift in Sources */,
				6D05E4A12B5324AB001DF6D2 /* SessionVC.swift in Sources */,
				6DBAF5222B40DE19004D23EE /* UserDefaults.swift in Sources */,
				6DAFB7902B9D470A00AEF94F /* ChooseActivityVC.swift in Sources */,
				6DDC54872C1A2841005FDAE1 /* DropboxConnectVC.swift in Sources */,
				6DAC41DF2B4542B00092A26F /* RoundedButton.swift in Sources */,
				6D1B7CBE2B47644400A9EC96 /* Drive.swift in Sources */,
				6D8191C92AF1EFF50001E211 /* GoogleSheetAssistant.swift in Sources */,
				6DAC41D52B4542AF0092A26F /* ExtraColors.swift in Sources */,
				6D66685A2BBA20B9007A7D90 /* LoggedActivitiesVC.swift in Sources */,
				6D9E667A2AF1CD1B002E9664 /* AppDelegate.swift in Sources */,
				6DC9DFFA2B8C3B330091A376 /* Work.swift in Sources */,
				6DAD71532C1A4F8800D13759 /* DropboxFolderConnectCell.swift in Sources */,
				6DC9DFFE2B8C3D430091A376 /* RegisteredWork.swift in Sources */,
				6DAC41BF2B40F83D0092A26F /* User.swift in Sources */,
				6DAC41DC2B4542B00092A26F /* Notification.swift in Sources */,
				6DB84C762BA3BE6D00B21222 /* CreateTeamVC.swift in Sources */,
				6DDBF2152B08226E0013A77B /* Dictionary.swift in Sources */,
				6D5C80BC2C2A22BB00A02C3F /* PhotoUploadVC.swift in Sources */,
				6D227E042B954DC9008C4289 /* ProfileVC.swift in Sources */,
				6D1687562C62E8EC00FC083E /* VideoPreviewVC.swift in Sources */,
				6DAC41E12B4542B00092A26F /* ViewShadow.swift in Sources */,
				6DFB55EE2BAFEFA1006758C9 /* CreateSpreadsheetVC.swift in Sources */,
				6DBAF5202B40DD6D004D23EE /* VisitQueue.swift in Sources */,
				6DB84C6F2B9D52B500B21222 /* AddNewWorkVC.swift in Sources */,
				6D3CB02A2CBDC1D600B15F70 /* PendingDriveQueue.swift in Sources */,
				6D9E667C2AF1CD1B002E9664 /* SceneDelegate.swift in Sources */,
				6DC9DFFC2B8C3BB50091A376 /* RegisteredActivity.swift in Sources */,
				6DAC41C12B424F9C0092A26F /* Team.swift in Sources */,
				6D6979772B85C66300E93E28 /* FirebaseStorage.swift in Sources */,
				6DB5024E2B48FC1E007FE430 /* DriveMapVC.swift in Sources */,
				6D626C6F2BB5EF4B00031DE1 /* SettingsVC.swift in Sources */,
				6D3CB0282CBD991A00B15F70 /* MergedActivity.swift in Sources */,
				6D05E4A32B534F38001DF6D2 /* Stopwatch.swift in Sources */,
				6DDC54832C1A24E6005FDAE1 /* DropboxAssistant.swift in Sources */,
				6DAC41D62B4542AF0092A26F /* DesignableUITextField.swift in Sources */,
				6DC9DFF82B8C3A510091A376 /* Activity.swift in Sources */,
				6DB84C6D2B9D525B00B21222 /* AddNewDriveVC.swift in Sources */,
				6D626C772BB7B9E500031DE1 /* NotificationsVC.swift in Sources */,
				6DC9E0002B8C58520091A376 /* ActivityArray.swift in Sources */,
				6DF90E332B48CB53007A116C /* RegisteredDrive.swift in Sources */,
				6D66685E2BBFDAE4007A7D90 /* AddressLookupCell.swift in Sources */,
				6DBAF51A2B3BC72A004D23EE /* NotificationNames.swift in Sources */,
				6D1687542C62C9A000FC083E /* ImagePreviewVC.swift in Sources */,
				6DDC547C2C166231005FDAE1 /* AddNewImageCell.swift in Sources */,
				6DDC54852C1A2560005FDAE1 /* UserDropbox.swift in Sources */,
				6DAC41ED2B4664110092A26F /* WorkCell.swift in Sources */,
				6DB84C722B9E5B5100B21222 /* String.swift in Sources */,
				6D5C80B92C29F3DE00A02C3F /* AddressComplete.swift in Sources */,
				6DAC41EF2B46663E0092A26F /* Date.swift in Sources */,
				6DAC41E52B4544EC0092A26F /* LoginVC.swift in Sources */,
				6DDC54802C192480005FDAE1 /* DriveSettingsVC.swift in Sources */,
				6DDC547A2C1661F3005FDAE1 /* ImagePreviewCell.swift in Sources */,
				6D5C38062CADD4F10068FDD2 /* PhotoSettingsVC.swift in Sources */,
				6DFB55F12BB0B35C006758C9 /* MemberVC.swift in Sources */,
				6D01B04B2C2CB3FD007C336C /* CameraViewController.swift in Sources */,
				6DAC41DE2B4542B00092A26F /* TitleLabel.swift in Sources */,
				6D6B26862B4FE43500809D6D /* RecentLocation.swift in Sources */,
				6D626C732BB6903A00031DE1 /* NotificationManager.swift in Sources */,
				6D6034342BA8193300E799B0 /* NoActivityCell.swift in Sources */,
				6D3CB0262CBD8F4D00B15F70 /* MergedCell.swift in Sources */,
				6D8191CE2AFB34940001E211 /* Constants.swift in Sources */,
				6DC9E0022B8FDAE00091A376 /* DriveCell.swift in Sources */,
				6DDBF2122B081D430013A77B /* LocationManager.swift in Sources */,
			);
			runOnlyForDeploymentPostprocessing = 0;
		};
		6D9E66882AF1CD1D002E9664 /* Sources */ = {
			isa = PBXSourcesBuildPhase;
			buildActionMask = 2147483647;
			files = (
				6D9E66912AF1CD1D002E9664 /* Property_ManagementTests.swift in Sources */,
			);
			runOnlyForDeploymentPostprocessing = 0;
		};
		6D9E66922AF1CD1D002E9664 /* Sources */ = {
			isa = PBXSourcesBuildPhase;
			buildActionMask = 2147483647;
			files = (
				6D9E669D2AF1CD1D002E9664 /* Property_ManagementUITestsLaunchTests.swift in Sources */,
				6D9E669B2AF1CD1D002E9664 /* Property_ManagementUITests.swift in Sources */,
			);
			runOnlyForDeploymentPostprocessing = 0;
		};
/* End PBXSourcesBuildPhase section */

/* Begin PBXTargetDependency section */
		6D9E668E2AF1CD1D002E9664 /* PBXTargetDependency */ = {
			isa = PBXTargetDependency;
			target = 6D9E66752AF1CD1B002E9664 /* Property Management */;
			targetProxy = 6D9E668D2AF1CD1D002E9664 /* PBXContainerItemProxy */;
		};
		6D9E66982AF1CD1D002E9664 /* PBXTargetDependency */ = {
			isa = PBXTargetDependency;
			target = 6D9E66752AF1CD1B002E9664 /* Property Management */;
			targetProxy = 6D9E66972AF1CD1D002E9664 /* PBXContainerItemProxy */;
		};
/* End PBXTargetDependency section */

/* Begin PBXVariantGroup section */
		6D9E667F2AF1CD1B002E9664 /* Main.storyboard */ = {
			isa = PBXVariantGroup;
			children = (
				6D9E66802AF1CD1B002E9664 /* Base */,
			);
			name = Main.storyboard;
			sourceTree = "<group>";
		};
		6D9E66842AF1CD1D002E9664 /* LaunchScreen.storyboard */ = {
			isa = PBXVariantGroup;
			children = (
				6D9E66852AF1CD1D002E9664 /* Base */,
			);
			name = LaunchScreen.storyboard;
			sourceTree = "<group>";
		};
/* End PBXVariantGroup section */

/* Begin XCBuildConfiguration section */
		6D9E669E2AF1CD1D002E9664 /* Debug */ = {
			isa = XCBuildConfiguration;
			buildSettings = {
				ALWAYS_SEARCH_USER_PATHS = NO;
				ASSETCATALOG_COMPILER_GENERATE_SWIFT_ASSET_SYMBOL_EXTENSIONS = YES;
				CLANG_ANALYZER_NONNULL = YES;
				CLANG_ANALYZER_NUMBER_OBJECT_CONVERSION = YES_AGGRESSIVE;
				CLANG_CXX_LANGUAGE_STANDARD = "gnu++20";
				CLANG_ENABLE_MODULES = YES;
				CLANG_ENABLE_OBJC_ARC = YES;
				CLANG_ENABLE_OBJC_WEAK = YES;
				CLANG_WARN_BLOCK_CAPTURE_AUTORELEASING = YES;
				CLANG_WARN_BOOL_CONVERSION = YES;
				CLANG_WARN_COMMA = YES;
				CLANG_WARN_CONSTANT_CONVERSION = YES;
				CLANG_WARN_DEPRECATED_OBJC_IMPLEMENTATIONS = YES;
				CLANG_WARN_DIRECT_OBJC_ISA_USAGE = YES_ERROR;
				CLANG_WARN_DOCUMENTATION_COMMENTS = YES;
				CLANG_WARN_EMPTY_BODY = YES;
				CLANG_WARN_ENUM_CONVERSION = YES;
				CLANG_WARN_INFINITE_RECURSION = YES;
				CLANG_WARN_INT_CONVERSION = YES;
				CLANG_WARN_NON_LITERAL_NULL_CONVERSION = YES;
				CLANG_WARN_OBJC_IMPLICIT_RETAIN_SELF = YES;
				CLANG_WARN_OBJC_LITERAL_CONVERSION = YES;
				CLANG_WARN_OBJC_ROOT_CLASS = YES_ERROR;
				CLANG_WARN_QUOTED_INCLUDE_IN_FRAMEWORK_HEADER = NO;
				CLANG_WARN_RANGE_LOOP_ANALYSIS = YES;
				CLANG_WARN_STRICT_PROTOTYPES = YES;
				CLANG_WARN_SUSPICIOUS_MOVE = YES;
				CLANG_WARN_UNGUARDED_AVAILABILITY = YES_AGGRESSIVE;
				CLANG_WARN_UNREACHABLE_CODE = YES;
				CLANG_WARN__DUPLICATE_METHOD_MATCH = YES;
				COPY_PHASE_STRIP = NO;
				DEBUG_INFORMATION_FORMAT = dwarf;
				ENABLE_STRICT_OBJC_MSGSEND = YES;
				ENABLE_TESTABILITY = YES;
				ENABLE_USER_SCRIPT_SANDBOXING = YES;
				GCC_C_LANGUAGE_STANDARD = gnu17;
				GCC_DYNAMIC_NO_PIC = NO;
				GCC_NO_COMMON_BLOCKS = YES;
				GCC_OPTIMIZATION_LEVEL = 0;
				GCC_PREPROCESSOR_DEFINITIONS = (
					"DEBUG=1",
					"$(inherited)",
				);
				GCC_WARN_64_TO_32_BIT_CONVERSION = YES;
				GCC_WARN_ABOUT_RETURN_TYPE = YES_ERROR;
				GCC_WARN_UNDECLARED_SELECTOR = YES;
				GCC_WARN_UNINITIALIZED_AUTOS = YES_AGGRESSIVE;
				GCC_WARN_UNUSED_FUNCTION = YES;
				GCC_WARN_UNUSED_VARIABLE = YES;
				IPHONEOS_DEPLOYMENT_TARGET = 17.0;
				LOCALIZATION_PREFERS_STRING_CATALOGS = YES;
				MTL_ENABLE_DEBUG_INFO = INCLUDE_SOURCE;
				MTL_FAST_MATH = YES;
				ONLY_ACTIVE_ARCH = YES;
				SDKROOT = iphoneos;
				SWIFT_ACTIVE_COMPILATION_CONDITIONS = "DEBUG $(inherited)";
				SWIFT_OPTIMIZATION_LEVEL = "-Onone";
			};
			name = Debug;
		};
		6D9E669F2AF1CD1D002E9664 /* Release */ = {
			isa = XCBuildConfiguration;
			buildSettings = {
				ALWAYS_SEARCH_USER_PATHS = NO;
				ASSETCATALOG_COMPILER_GENERATE_SWIFT_ASSET_SYMBOL_EXTENSIONS = YES;
				CLANG_ANALYZER_NONNULL = YES;
				CLANG_ANALYZER_NUMBER_OBJECT_CONVERSION = YES_AGGRESSIVE;
				CLANG_CXX_LANGUAGE_STANDARD = "gnu++20";
				CLANG_ENABLE_MODULES = YES;
				CLANG_ENABLE_OBJC_ARC = YES;
				CLANG_ENABLE_OBJC_WEAK = YES;
				CLANG_WARN_BLOCK_CAPTURE_AUTORELEASING = YES;
				CLANG_WARN_BOOL_CONVERSION = YES;
				CLANG_WARN_COMMA = YES;
				CLANG_WARN_CONSTANT_CONVERSION = YES;
				CLANG_WARN_DEPRECATED_OBJC_IMPLEMENTATIONS = YES;
				CLANG_WARN_DIRECT_OBJC_ISA_USAGE = YES_ERROR;
				CLANG_WARN_DOCUMENTATION_COMMENTS = YES;
				CLANG_WARN_EMPTY_BODY = YES;
				CLANG_WARN_ENUM_CONVERSION = YES;
				CLANG_WARN_INFINITE_RECURSION = YES;
				CLANG_WARN_INT_CONVERSION = YES;
				CLANG_WARN_NON_LITERAL_NULL_CONVERSION = YES;
				CLANG_WARN_OBJC_IMPLICIT_RETAIN_SELF = YES;
				CLANG_WARN_OBJC_LITERAL_CONVERSION = YES;
				CLANG_WARN_OBJC_ROOT_CLASS = YES_ERROR;
				CLANG_WARN_QUOTED_INCLUDE_IN_FRAMEWORK_HEADER = NO;
				CLANG_WARN_RANGE_LOOP_ANALYSIS = YES;
				CLANG_WARN_STRICT_PROTOTYPES = YES;
				CLANG_WARN_SUSPICIOUS_MOVE = YES;
				CLANG_WARN_UNGUARDED_AVAILABILITY = YES_AGGRESSIVE;
				CLANG_WARN_UNREACHABLE_CODE = YES;
				CLANG_WARN__DUPLICATE_METHOD_MATCH = YES;
				COPY_PHASE_STRIP = NO;
				DEBUG_INFORMATION_FORMAT = "dwarf-with-dsym";
				ENABLE_NS_ASSERTIONS = NO;
				ENABLE_STRICT_OBJC_MSGSEND = YES;
				ENABLE_USER_SCRIPT_SANDBOXING = YES;
				GCC_C_LANGUAGE_STANDARD = gnu17;
				GCC_NO_COMMON_BLOCKS = YES;
				GCC_WARN_64_TO_32_BIT_CONVERSION = YES;
				GCC_WARN_ABOUT_RETURN_TYPE = YES_ERROR;
				GCC_WARN_UNDECLARED_SELECTOR = YES;
				GCC_WARN_UNINITIALIZED_AUTOS = YES_AGGRESSIVE;
				GCC_WARN_UNUSED_FUNCTION = YES;
				GCC_WARN_UNUSED_VARIABLE = YES;
				IPHONEOS_DEPLOYMENT_TARGET = 17.0;
				LOCALIZATION_PREFERS_STRING_CATALOGS = YES;
				MTL_ENABLE_DEBUG_INFO = NO;
				MTL_FAST_MATH = YES;
				SDKROOT = iphoneos;
				SWIFT_COMPILATION_MODE = wholemodule;
				VALIDATE_PRODUCT = YES;
			};
			name = Release;
		};
		6D9E66A12AF1CD1D002E9664 /* Debug */ = {
			isa = XCBuildConfiguration;
			baseConfigurationReference = E7E6CD90656A3C524A46C72E /* Pods-Property Management.debug.xcconfig */;
			buildSettings = {
				ASSETCATALOG_COMPILER_APPICON_NAME = AppIcon;
				ASSETCATALOG_COMPILER_GLOBAL_ACCENT_COLOR_NAME = AccentColor;
				CODE_SIGN_ENTITLEMENTS = "Property Management/Property Management.entitlements";
				CODE_SIGN_IDENTITY = "Apple Development";
				CODE_SIGN_STYLE = Automatic;
				CURRENT_PROJECT_VERSION = 1;
				DEVELOPMENT_TEAM = H2GNMXBY87;
				ENABLE_USER_SCRIPT_SANDBOXING = NO;
				GENERATE_INFOPLIST_FILE = YES;
				INFOPLIST_FILE = "Property Management/Master Items/Info.plist";
				INFOPLIST_KEY_CFBundleDisplayName = "Springing Maple";
				INFOPLIST_KEY_LSApplicationCategoryType = "public.app-category.productivity";
				INFOPLIST_KEY_NSCameraUsageDescription = "This app will use camera to scan reciepts.";
				INFOPLIST_KEY_NSLocationAlwaysAndWhenInUseUsageDescription = "This app needs constant location tracking to reliably classify your drives";
				INFOPLIST_KEY_NSLocationAlwaysUsageDescription = "This app needs constant location tracking to reliably classify your drives";
				INFOPLIST_KEY_NSLocationUsageDescription = "This app needs constant location tracking to reliably classify your drives";
				INFOPLIST_KEY_NSLocationWhenInUseUsageDescription = "This app needs constant location tracking to reliably classify your drives";
				INFOPLIST_KEY_NSMotionUsageDescription = "This app needs motion detection to classify activity as a Drive or Work";
				INFOPLIST_KEY_NSPhotoLibraryUsageDescription = "Springing Maple needs the photo library for you to be able to choose images to upload of a property";
				INFOPLIST_KEY_UIApplicationSupportsIndirectInputEvents = YES;
				INFOPLIST_KEY_UILaunchStoryboardName = LaunchScreen;
				INFOPLIST_KEY_UIMainStoryboardFile = Main;
				INFOPLIST_KEY_UISupportedInterfaceOrientations = UIInterfaceOrientationPortrait;
				INFOPLIST_KEY_UISupportedInterfaceOrientations_iPad = "UIInterfaceOrientationLandscapeLeft UIInterfaceOrientationLandscapeRight UIInterfaceOrientationPortrait UIInterfaceOrientationPortraitUpsideDown";
				INFOPLIST_KEY_UIUserInterfaceStyle = Light;
				LD_RUNPATH_SEARCH_PATHS = (
					"$(inherited)",
					"@executable_path/Frameworks",
				);
				MARKETING_VERSION = 1.12;
				PRODUCT_BUNDLE_IDENTIFIER = "com.saahilsukhija.Property-Management";
				PRODUCT_NAME = "$(TARGET_NAME)";
				PROVISIONING_PROFILE_SPECIFIER = "";
				SUPPORTED_PLATFORMS = "iphoneos iphonesimulator";
				SUPPORTS_MACCATALYST = NO;
				SUPPORTS_XR_DESIGNED_FOR_IPHONE_IPAD = NO;
				SWIFT_EMIT_LOC_STRINGS = YES;
				SWIFT_VERSION = 5.0;
				TARGETED_DEVICE_FAMILY = 1;
			};
			name = Debug;
		};
		6D9E66A22AF1CD1D002E9664 /* Release */ = {
			isa = XCBuildConfiguration;
			baseConfigurationReference = 3C7EC148C450BD7B0AF6AD68 /* Pods-Property Management.release.xcconfig */;
			buildSettings = {
				ASSETCATALOG_COMPILER_APPICON_NAME = AppIcon;
				ASSETCATALOG_COMPILER_GLOBAL_ACCENT_COLOR_NAME = AccentColor;
				CODE_SIGN_ENTITLEMENTS = "Property Management/Property Management.entitlements";
				CODE_SIGN_IDENTITY = "Apple Development";
				CODE_SIGN_STYLE = Automatic;
				CURRENT_PROJECT_VERSION = 1;
				DEVELOPMENT_TEAM = H2GNMXBY87;
				ENABLE_USER_SCRIPT_SANDBOXING = NO;
				GENERATE_INFOPLIST_FILE = YES;
				INFOPLIST_FILE = "Property Management/Master Items/Info.plist";
				INFOPLIST_KEY_CFBundleDisplayName = "Springing Maple";
				INFOPLIST_KEY_LSApplicationCategoryType = "public.app-category.productivity";
				INFOPLIST_KEY_NSCameraUsageDescription = "This app will use camera to scan reciepts.";
				INFOPLIST_KEY_NSLocationAlwaysAndWhenInUseUsageDescription = "This app needs constant location tracking to reliably classify your drives";
				INFOPLIST_KEY_NSLocationAlwaysUsageDescription = "This app needs constant location tracking to reliably classify your drives";
				INFOPLIST_KEY_NSLocationUsageDescription = "This app needs constant location tracking to reliably classify your drives";
				INFOPLIST_KEY_NSLocationWhenInUseUsageDescription = "This app needs constant location tracking to reliably classify your drives";
				INFOPLIST_KEY_NSMotionUsageDescription = "This app needs motion detection to classify activity as a Drive or Work";
				INFOPLIST_KEY_NSPhotoLibraryUsageDescription = "Springing Maple needs the photo library for you to be able to choose images to upload of a property";
				INFOPLIST_KEY_UIApplicationSupportsIndirectInputEvents = YES;
				INFOPLIST_KEY_UILaunchStoryboardName = LaunchScreen;
				INFOPLIST_KEY_UIMainStoryboardFile = Main;
				INFOPLIST_KEY_UISupportedInterfaceOrientations = UIInterfaceOrientationPortrait;
				INFOPLIST_KEY_UISupportedInterfaceOrientations_iPad = "UIInterfaceOrientationLandscapeLeft UIInterfaceOrientationLandscapeRight UIInterfaceOrientationPortrait UIInterfaceOrientationPortraitUpsideDown";
				INFOPLIST_KEY_UIUserInterfaceStyle = Light;
				LD_RUNPATH_SEARCH_PATHS = (
					"$(inherited)",
					"@executable_path/Frameworks",
				);
				MARKETING_VERSION = 1.12;
				PRODUCT_BUNDLE_IDENTIFIER = "com.saahilsukhija.Property-Management";
				PRODUCT_NAME = "$(TARGET_NAME)";
				PROVISIONING_PROFILE_SPECIFIER = "";
				SUPPORTED_PLATFORMS = "iphoneos iphonesimulator";
				SUPPORTS_MACCATALYST = NO;
				SUPPORTS_XR_DESIGNED_FOR_IPHONE_IPAD = NO;
				SWIFT_EMIT_LOC_STRINGS = YES;
				SWIFT_VERSION = 5.0;
				TARGETED_DEVICE_FAMILY = 1;
			};
			name = Release;
		};
		6D9E66A42AF1CD1D002E9664 /* Debug */ = {
			isa = XCBuildConfiguration;
			baseConfigurationReference = 9722EA5CB3E653D72FBBE9AC /* Pods-Property ManagementTests.debug.xcconfig */;
			buildSettings = {
				ALWAYS_EMBED_SWIFT_STANDARD_LIBRARIES = YES;
				BUNDLE_LOADER = "$(TEST_HOST)";
				CODE_SIGN_STYLE = Automatic;
				CURRENT_PROJECT_VERSION = 1;
				DEVELOPMENT_TEAM = H2GNMXBY87;
				GENERATE_INFOPLIST_FILE = YES;
				IPHONEOS_DEPLOYMENT_TARGET = 17.0;
				MARKETING_VERSION = 1.0;
				PRODUCT_BUNDLE_IDENTIFIER = "com.saahilsukhija.Property-ManagementTests";
				PRODUCT_NAME = "$(TARGET_NAME)";
				SWIFT_EMIT_LOC_STRINGS = NO;
				SWIFT_VERSION = 5.0;
				TARGETED_DEVICE_FAMILY = "1,2";
				TEST_HOST = "$(BUILT_PRODUCTS_DIR)/Property Management.app/$(BUNDLE_EXECUTABLE_FOLDER_PATH)/Property Management";
			};
			name = Debug;
		};
		6D9E66A52AF1CD1D002E9664 /* Release */ = {
			isa = XCBuildConfiguration;
			baseConfigurationReference = ACD0BE88E7462FD840983D15 /* Pods-Property ManagementTests.release.xcconfig */;
			buildSettings = {
				ALWAYS_EMBED_SWIFT_STANDARD_LIBRARIES = YES;
				BUNDLE_LOADER = "$(TEST_HOST)";
				CODE_SIGN_STYLE = Automatic;
				CURRENT_PROJECT_VERSION = 1;
				DEVELOPMENT_TEAM = H2GNMXBY87;
				GENERATE_INFOPLIST_FILE = YES;
				IPHONEOS_DEPLOYMENT_TARGET = 17.0;
				MARKETING_VERSION = 1.0;
				PRODUCT_BUNDLE_IDENTIFIER = "com.saahilsukhija.Property-ManagementTests";
				PRODUCT_NAME = "$(TARGET_NAME)";
				SWIFT_EMIT_LOC_STRINGS = NO;
				SWIFT_VERSION = 5.0;
				TARGETED_DEVICE_FAMILY = "1,2";
				TEST_HOST = "$(BUILT_PRODUCTS_DIR)/Property Management.app/$(BUNDLE_EXECUTABLE_FOLDER_PATH)/Property Management";
			};
			name = Release;
		};
		6D9E66A72AF1CD1D002E9664 /* Debug */ = {
			isa = XCBuildConfiguration;
			baseConfigurationReference = 261B3A137CED5B969EB5042C /* Pods-Property Management-Property ManagementUITests.debug.xcconfig */;
			buildSettings = {
				ALWAYS_EMBED_SWIFT_STANDARD_LIBRARIES = YES;
				CODE_SIGN_STYLE = Automatic;
				CURRENT_PROJECT_VERSION = 1;
				DEVELOPMENT_TEAM = H2GNMXBY87;
				GENERATE_INFOPLIST_FILE = YES;
				MARKETING_VERSION = 1.0;
				PRODUCT_BUNDLE_IDENTIFIER = "com.saahilsukhija.Property-ManagementUITests";
				PRODUCT_NAME = "$(TARGET_NAME)";
				SWIFT_EMIT_LOC_STRINGS = NO;
				SWIFT_VERSION = 5.0;
				TARGETED_DEVICE_FAMILY = "1,2";
				TEST_TARGET_NAME = "Property Management";
			};
			name = Debug;
		};
		6D9E66A82AF1CD1D002E9664 /* Release */ = {
			isa = XCBuildConfiguration;
			baseConfigurationReference = 88EB124C3863B456AB71970D /* Pods-Property Management-Property ManagementUITests.release.xcconfig */;
			buildSettings = {
				ALWAYS_EMBED_SWIFT_STANDARD_LIBRARIES = YES;
				CODE_SIGN_STYLE = Automatic;
				CURRENT_PROJECT_VERSION = 1;
				DEVELOPMENT_TEAM = H2GNMXBY87;
				GENERATE_INFOPLIST_FILE = YES;
				MARKETING_VERSION = 1.0;
				PRODUCT_BUNDLE_IDENTIFIER = "com.saahilsukhija.Property-ManagementUITests";
				PRODUCT_NAME = "$(TARGET_NAME)";
				SWIFT_EMIT_LOC_STRINGS = NO;
				SWIFT_VERSION = 5.0;
				TARGETED_DEVICE_FAMILY = "1,2";
				TEST_TARGET_NAME = "Property Management";
			};
			name = Release;
		};
/* End XCBuildConfiguration section */

/* Begin XCConfigurationList section */
		6D9E66712AF1CD1B002E9664 /* Build configuration list for PBXProject "Property Management" */ = {
			isa = XCConfigurationList;
			buildConfigurations = (
				6D9E669E2AF1CD1D002E9664 /* Debug */,
				6D9E669F2AF1CD1D002E9664 /* Release */,
			);
			defaultConfigurationIsVisible = 0;
			defaultConfigurationName = Release;
		};
		6D9E66A02AF1CD1D002E9664 /* Build configuration list for PBXNativeTarget "Property Management" */ = {
			isa = XCConfigurationList;
			buildConfigurations = (
				6D9E66A12AF1CD1D002E9664 /* Debug */,
				6D9E66A22AF1CD1D002E9664 /* Release */,
			);
			defaultConfigurationIsVisible = 0;
			defaultConfigurationName = Release;
		};
		6D9E66A32AF1CD1D002E9664 /* Build configuration list for PBXNativeTarget "Property ManagementTests" */ = {
			isa = XCConfigurationList;
			buildConfigurations = (
				6D9E66A42AF1CD1D002E9664 /* Debug */,
				6D9E66A52AF1CD1D002E9664 /* Release */,
			);
			defaultConfigurationIsVisible = 0;
			defaultConfigurationName = Release;
		};
		6D9E66A62AF1CD1D002E9664 /* Build configuration list for PBXNativeTarget "Property ManagementUITests" */ = {
			isa = XCConfigurationList;
			buildConfigurations = (
				6D9E66A72AF1CD1D002E9664 /* Debug */,
				6D9E66A82AF1CD1D002E9664 /* Release */,
			);
			defaultConfigurationIsVisible = 0;
			defaultConfigurationName = Release;
		};
/* End XCConfigurationList section */
	};
	rootObject = 6D9E666E2AF1CD1B002E9664 /* Project object */;
}
